// !$*UTF8*$!
{
	archiveVersion = 1;
	classes = {
	};
	objectVersion = 50;
	objects = {

/* Begin PBXBuildFile section */
		D64E1716241A837A000C5ECF /* AppDelegate.m in Sources */ = {isa = PBXBuildFile; fileRef = D64E1715241A837A000C5ECF /* AppDelegate.m */; };
		D64E1719241A837A000C5ECF /* SceneDelegate.m in Sources */ = {isa = PBXBuildFile; fileRef = D64E1718241A837A000C5ECF /* SceneDelegate.m */; };
		D64E171C241A837A000C5ECF /* ViewController.mm in Sources */ = {isa = PBXBuildFile; fileRef = D64E171B241A837A000C5ECF /* ViewController.mm */; };
		D64E171F241A837A000C5ECF /* Main.storyboard in Resources */ = {isa = PBXBuildFile; fileRef = D64E171D241A837A000C5ECF /* Main.storyboard */; };
		D64E1721241A837C000C5ECF /* Assets.xcassets in Resources */ = {isa = PBXBuildFile; fileRef = D64E1720241A837C000C5ECF /* Assets.xcassets */; };
		D64E1724241A837C000C5ECF /* LaunchScreen.storyboard in Resources */ = {isa = PBXBuildFile; fileRef = D64E1722241A837C000C5ECF /* LaunchScreen.storyboard */; };
		D64E1727241A837C000C5ECF /* main.m in Sources */ = {isa = PBXBuildFile; fileRef = D64E1726241A837C000C5ECF /* main.m */; };
/* End PBXBuildFile section */

/* Begin PBXFileReference section */
		D64E1711241A837A000C5ECF /* ThreeDimentionalCube.app */ = {isa = PBXFileReference; explicitFileType = wrapper.application; includeInIndex = 0; path = ThreeDimentionalCube.app; sourceTree = BUILT_PRODUCTS_DIR; };
		D64E1714241A837A000C5ECF /* AppDelegate.h */ = {isa = PBXFileReference; lastKnownFileType = sourcecode.c.h; path = AppDelegate.h; sourceTree = "<group>"; };
		D64E1715241A837A000C5ECF /* AppDelegate.m */ = {isa = PBXFileReference; lastKnownFileType = sourcecode.c.objc; path = AppDelegate.m; sourceTree = "<group>"; };
		D64E1717241A837A000C5ECF /* SceneDelegate.h */ = {isa = PBXFileReference; lastKnownFileType = sourcecode.c.h; path = SceneDelegate.h; sourceTree = "<group>"; };
		D64E1718241A837A000C5ECF /* SceneDelegate.m */ = {isa = PBXFileReference; lastKnownFileType = sourcecode.c.objc; path = SceneDelegate.m; sourceTree = "<group>"; };
		D64E171A241A837A000C5ECF /* ViewController.h */ = {isa = PBXFileReference; lastKnownFileType = sourcecode.c.h; path = ViewController.h; sourceTree = "<group>"; };
		D64E171B241A837A000C5ECF /* ViewController.mm */ = {isa = PBXFileReference; lastKnownFileType = sourcecode.cpp.objcpp; path = ViewController.mm; sourceTree = "<group>"; };
		D64E171E241A837A000C5ECF /* Base */ = {isa = PBXFileReference; lastKnownFileType = file.storyboard; name = Base; path = Base.lproj/Main.storyboard; sourceTree = "<group>"; };
		D64E1720241A837C000C5ECF /* Assets.xcassets */ = {isa = PBXFileReference; lastKnownFileType = folder.assetcatalog; path = Assets.xcassets; sourceTree = "<group>"; };
		D64E1723241A837C000C5ECF /* Base */ = {isa = PBXFileReference; lastKnownFileType = file.storyboard; name = Base; path = Base.lproj/LaunchScreen.storyboard; sourceTree = "<group>"; };
		D64E1725241A837C000C5ECF /* Info.plist */ = {isa = PBXFileReference; lastKnownFileType = text.plist.xml; path = Info.plist; sourceTree = "<group>"; };
		D64E1726241A837C000C5ECF /* main.m */ = {isa = PBXFileReference; lastKnownFileType = sourcecode.c.objc; path = main.m; sourceTree = "<group>"; };
/* End PBXFileReference section */

/* Begin PBXFrameworksBuildPhase section */
		D64E170E241A837A000C5ECF /* Frameworks */ = {
			isa = PBXFrameworksBuildPhase;
			buildActionMask = 2147483647;
			files = (
			);
			runOnlyForDeploymentPostprocessing = 0;
		};
/* End PBXFrameworksBuildPhase section */

/* Begin PBXGroup section */
		D64E1708241A837A000C5ECF = {
			isa = PBXGroup;
			children = (
				D64E1713241A837A000C5ECF /* ThreeDimentionalCube */,
				D64E1712241A837A000C5ECF /* Products */,
			);
			sourceTree = "<group>";
		};
		D64E1712241A837A000C5ECF /* Products */ = {
			isa = PBXGroup;
			children = (
				D64E1711241A837A000C5ECF /* ThreeDimentionalCube.app */,
			);
			name = Products;
			sourceTree = "<group>";
		};
		D64E1713241A837A000C5ECF /* ThreeDimentionalCube */ = {
			isa = PBXGroup;
			children = (
				D64E1714241A837A000C5ECF /* AppDelegate.h */,
				D64E1715241A837A000C5ECF /* AppDelegate.m */,
				D64E1717241A837A000C5ECF /* SceneDelegate.h */,
				D64E1718241A837A000C5ECF /* SceneDelegate.m */,
				D64E171A241A837A000C5ECF /* ViewController.h */,
				D64E171B241A837A000C5ECF /* ViewController.mm */,
				D64E171D241A837A000C5ECF /* Main.storyboard */,
				D64E1720241A837C000C5ECF /* Assets.xcassets */,
				D64E1722241A837C000C5ECF /* LaunchScreen.storyboard */,
				D64E1725241A837C000C5ECF /* Info.plist */,
				D64E1726241A837C000C5ECF /* main.m */,
			);
			path = ThreeDimentionalCube;
			sourceTree = "<group>";
		};
/* End PBXGroup section */

/* Begin PBXNativeTarget section */
		D64E1710241A837A000C5ECF /* ThreeDimentionalCube */ = {
			isa = PBXNativeTarget;
			buildConfigurationList = D64E172A241A837C000C5ECF /* Build configuration list for PBXNativeTarget "ThreeDimentionalCube" */;
			buildPhases = (
				D64E170D241A837A000C5ECF /* Sources */,
				D64E170E241A837A000C5ECF /* Frameworks */,
				D64E170F241A837A000C5ECF /* Resources */,
			);
			buildRules = (
			);
			dependencies = (
			);
			name = ThreeDimentionalCube;
			productName = ThreeDimentionalCube;
			productReference = D64E1711241A837A000C5ECF /* ThreeDimentionalCube.app */;
			productType = "com.apple.product-type.application";
		};
/* End PBXNativeTarget section */

/* Begin PBXProject section */
		D64E1709241A837A000C5ECF /* Project object */ = {
			isa = PBXProject;
			attributes = {
				LastUpgradeCheck = 1110;
				ORGANIZATIONNAME = mohammad.fakhreddin;
				TargetAttributes = {
					D64E1710241A837A000C5ECF = {
						CreatedOnToolsVersion = 11.1;
					};
				};
			};
			buildConfigurationList = D64E170C241A837A000C5ECF /* Build configuration list for PBXProject "ThreeDimentionalCube" */;
			compatibilityVersion = "Xcode 9.3";
			developmentRegion = en;
			hasScannedForEncodings = 0;
			knownRegions = (
				en,
				Base,
			);
			mainGroup = D64E1708241A837A000C5ECF;
			productRefGroup = D64E1712241A837A000C5ECF /* Products */;
			projectDirPath = "";
			projectRoot = "";
			targets = (
				D64E1710241A837A000C5ECF /* ThreeDimentionalCube */,
			);
		};
/* End PBXProject section */

/* Begin PBXResourcesBuildPhase section */
		D64E170F241A837A000C5ECF /* Resources */ = {
			isa = PBXResourcesBuildPhase;
			buildActionMask = 2147483647;
			files = (
				D64E1724241A837C000C5ECF /* LaunchScreen.storyboard in Resources */,
				D64E1721241A837C000C5ECF /* Assets.xcassets in Resources */,
				D64E171F241A837A000C5ECF /* Main.storyboard in Resources */,
			);
			runOnlyForDeploymentPostprocessing = 0;
		};
/* End PBXResourcesBuildPhase section */

/* Begin PBXSourcesBuildPhase section */
		D64E170D241A837A000C5ECF /* Sources */ = {
			isa = PBXSourcesBuildPhase;
			buildActionMask = 2147483647;
			files = (
				D64E171C241A837A000C5ECF /* ViewController.mm in Sources */,
				D64E1716241A837A000C5ECF /* AppDelegate.m in Sources */,
				D64E1727241A837C000C5ECF /* main.m in Sources */,
				D64E1719241A837A000C5ECF /* SceneDelegate.m in Sources */,
			);
			runOnlyForDeploymentPostprocessing = 0;
		};
/* End PBXSourcesBuildPhase section */

/* Begin PBXVariantGroup section */
		D64E171D241A837A000C5ECF /* Main.storyboard */ = {
			isa = PBXVariantGroup;
			children = (
				D64E171E241A837A000C5ECF /* Base */,
			);
			name = Main.storyboard;
			sourceTree = "<group>";
		};
		D64E1722241A837C000C5ECF /* LaunchScreen.storyboard */ = {
			isa = PBXVariantGroup;
			children = (
				D64E1723241A837C000C5ECF /* Base */,
			);
			name = LaunchScreen.storyboard;
			sourceTree = "<group>";
		};
/* End PBXVariantGroup section */

/* Begin XCBuildConfiguration section */
		D64E1728241A837C000C5ECF /* Debug */ = {
			isa = XCBuildConfiguration;
			buildSettings = {
				ALWAYS_SEARCH_USER_PATHS = NO;
				CLANG_ANALYZER_NONNULL = YES;
				CLANG_ANALYZER_NUMBER_OBJECT_CONVERSION = YES_AGGRESSIVE;
				CLANG_CXX_LANGUAGE_STANDARD = "gnu++14";
				CLANG_CXX_LIBRARY = "libc++";
				CLANG_ENABLE_MODULES = YES;
				CLANG_ENABLE_OBJC_ARC = YES;
				CLANG_ENABLE_OBJC_WEAK = YES;
				CLANG_WARN_BLOCK_CAPTURE_AUTORELEASING = YES;
				CLANG_WARN_BOOL_CONVERSION = YES;
				CLANG_WARN_COMMA = YES;
				CLANG_WARN_CONSTANT_CONVERSION = YES;
				CLANG_WARN_DEPRECATED_OBJC_IMPLEMENTATIONS = YES;
				CLANG_WARN_DIRECT_OBJC_ISA_USAGE = YES_ERROR;
				CLANG_WARN_DOCUMENTATION_COMMENTS = YES;
				CLANG_WARN_EMPTY_BODY = YES;
				CLANG_WARN_ENUM_CONVERSION = YES;
				CLANG_WARN_INFINITE_RECURSION = YES;
				CLANG_WARN_INT_CONVERSION = YES;
				CLANG_WARN_NON_LITERAL_NULL_CONVERSION = YES;
				CLANG_WARN_OBJC_IMPLICIT_RETAIN_SELF = YES;
				CLANG_WARN_OBJC_LITERAL_CONVERSION = YES;
				CLANG_WARN_OBJC_ROOT_CLASS = YES_ERROR;
				CLANG_WARN_RANGE_LOOP_ANALYSIS = YES;
				CLANG_WARN_STRICT_PROTOTYPES = YES;
				CLANG_WARN_SUSPICIOUS_MOVE = YES;
				CLANG_WARN_UNGUARDED_AVAILABILITY = YES_AGGRESSIVE;
				CLANG_WARN_UNREACHABLE_CODE = YES;
				CLANG_WARN__DUPLICATE_METHOD_MATCH = YES;
				COPY_PHASE_STRIP = NO;
				DEBUG_INFORMATION_FORMAT = dwarf;
				ENABLE_STRICT_OBJC_MSGSEND = YES;
				ENABLE_TESTABILITY = YES;
				GCC_C_LANGUAGE_STANDARD = gnu11;
				GCC_DYNAMIC_NO_PIC = NO;
				GCC_NO_COMMON_BLOCKS = YES;
				GCC_OPTIMIZATION_LEVEL = 0;
				GCC_PREPROCESSOR_DEFINITIONS = (
					"DEBUG=1",
					"$(inherited)",
				);
				GCC_WARN_64_TO_32_BIT_CONVERSION = YES;
				GCC_WARN_ABOUT_RETURN_TYPE = YES_ERROR;
				GCC_WARN_UNDECLARED_SELECTOR = YES;
				GCC_WARN_UNINITIALIZED_AUTOS = YES_AGGRESSIVE;
				GCC_WARN_UNUSED_FUNCTION = YES;
				GCC_WARN_UNUSED_VARIABLE = YES;
				IPHONEOS_DEPLOYMENT_TARGET = 13.1;
				MTL_ENABLE_DEBUG_INFO = INCLUDE_SOURCE;
				MTL_FAST_MATH = YES;
				ONLY_ACTIVE_ARCH = YES;
				SDKROOT = iphoneos;
			};
			name = Debug;
		};
		D64E1729241A837C000C5ECF /* Release */ = {
			isa = XCBuildConfiguration;
			buildSettings = {
				ALWAYS_SEARCH_USER_PATHS = NO;
				CLANG_ANALYZER_NONNULL = YES;
				CLANG_ANALYZER_NUMBER_OBJECT_CONVERSION = YES_AGGRESSIVE;
				CLANG_CXX_LANGUAGE_STANDARD = "gnu++14";
				CLANG_CXX_LIBRARY = "libc++";
				CLANG_ENABLE_MODULES = YES;
				CLANG_ENABLE_OBJC_ARC = YES;
				CLANG_ENABLE_OBJC_WEAK = YES;
				CLANG_WARN_BLOCK_CAPTURE_AUTORELEASING = YES;
				CLANG_WARN_BOOL_CONVERSION = YES;
				CLANG_WARN_COMMA = YES;
				CLANG_WARN_CONSTANT_CONVERSION = YES;
				CLANG_WARN_DEPRECATED_OBJC_IMPLEMENTATIONS = YES;
				CLANG_WARN_DIRECT_OBJC_ISA_USAGE = YES_ERROR;
				CLANG_WARN_DOCUMENTATION_COMMENTS = YES;
				CLANG_WARN_EMPTY_BODY = YES;
				CLANG_WARN_ENUM_CONVERSION = YES;
				CLANG_WARN_INFINITE_RECURSION = YES;
				CLANG_WARN_INT_CONVERSION = YES;
				CLANG_WARN_NON_LITERAL_NULL_CONVERSION = YES;
				CLANG_WARN_OBJC_IMPLICIT_RETAIN_SELF = YES;
				CLANG_WARN_OBJC_LITERAL_CONVERSION = YES;
				CLANG_WARN_OBJC_ROOT_CLASS = YES_ERROR;
				CLANG_WARN_RANGE_LOOP_ANALYSIS = YES;
				CLANG_WARN_STRICT_PROTOTYPES = YES;
				CLANG_WARN_SUSPICIOUS_MOVE = YES;
				CLANG_WARN_UNGUARDED_AVAILABILITY = YES_AGGRESSIVE;
				CLANG_WARN_UNREACHABLE_CODE = YES;
				CLANG_WARN__DUPLICATE_METHOD_MATCH = YES;
				COPY_PHASE_STRIP = NO;
				DEBUG_INFORMATION_FORMAT = "dwarf-with-dsym";
				ENABLE_NS_ASSERTIONS = NO;
				ENABLE_STRICT_OBJC_MSGSEND = YES;
				GCC_C_LANGUAGE_STANDARD = gnu11;
				GCC_NO_COMMON_BLOCKS = YES;
				GCC_WARN_64_TO_32_BIT_CONVERSION = YES;
				GCC_WARN_ABOUT_RETURN_TYPE = YES_ERROR;
				GCC_WARN_UNDECLARED_SELECTOR = YES;
				GCC_WARN_UNINITIALIZED_AUTOS = YES_AGGRESSIVE;
				GCC_WARN_UNUSED_FUNCTION = YES;
				GCC_WARN_UNUSED_VARIABLE = YES;
				IPHONEOS_DEPLOYMENT_TARGET = 13.1;
				MTL_ENABLE_DEBUG_INFO = NO;
				MTL_FAST_MATH = YES;
				SDKROOT = iphoneos;
				VALIDATE_PRODUCT = YES;
			};
			name = Release;
		};
		D64E172B241A837C000C5ECF /* Debug */ = {
			isa = XCBuildConfiguration;
			buildSettings = {
				ASSETCATALOG_COMPILER_APPICON_NAME = AppIcon;
				CODE_SIGN_STYLE = Automatic;
				DEVELOPMENT_TEAM = 9U43KQLKUS;
				INFOPLIST_FILE = ThreeDimentionalCube/Info.plist;
				LD_RUNPATH_SEARCH_PATHS = (
					"$(inherited)",
					"@executable_path/Frameworks",
				);
				PRODUCT_BUNDLE_IDENTIFIER = mohammad.fakhreddin.ThreeDimentionalCube;
				PRODUCT_NAME = "$(TARGET_NAME)";
				TARGETED_DEVICE_FAMILY = "1,2";
			};
			name = Debug;
		};
		D64E172C241A837C000C5ECF /* Release */ = {
			isa = XCBuildConfiguration;
			buildSettings = {
				ASSETCATALOG_COMPILER_APPICON_NAME = AppIcon;
				CODE_SIGN_STYLE = Automatic;
				DEVELOPMENT_TEAM = 9U43KQLKUS;
				INFOPLIST_FILE = ThreeDimentionalCube/Info.plist;
				LD_RUNPATH_SEARCH_PATHS = (
					"$(inherited)",
					"@executable_path/Frameworks",
				);
				PRODUCT_BUNDLE_IDENTIFIER = mohammad.fakhreddin.ThreeDimentionalCube;
				PRODUCT_NAME = "$(TARGET_NAME)";
				TARGETED_DEVICE_FAMILY = "1,2";
			};
			name = Release;
		};
/* End XCBuildConfiguration section */

/* Begin XCConfigurationList section */
		D64E170C241A837A000C5ECF /* Build configuration list for PBXProject "ThreeDimentionalCube" */ = {
			isa = XCConfigurationList;
			buildConfigurations = (
				D64E1728241A837C000C5ECF /* Debug */,
				D64E1729241A837C000C5ECF /* Release */,
			);
			defaultConfigurationIsVisible = 0;
			defaultConfigurationName = Release;
		};
		D64E172A241A837C000C5ECF /* Build configuration list for PBXNativeTarget "ThreeDimentionalCube" */ = {
			isa = XCConfigurationList;
			buildConfigurations = (
				D64E172B241A837C000C5ECF /* Debug */,
				D64E172C241A837C000C5ECF /* Release */,
			);
			defaultConfigurationIsVisible = 0;
			defaultConfigurationName = Release;
		};
/* End XCConfigurationList section */
	};
	rootObject = D64E1709241A837A000C5ECF /* Project object */;
}
