// !$*UTF8*$!
{
	archiveVersion = 1;
	classes = {
	};
	objectVersion = 50;
	objects = {

/* Begin PBXBuildFile section */
		D64E1716241A837A000C5ECF /* AppDelegate.mm in Sources */ = {isa = PBXBuildFile; fileRef = D64E1715241A837A000C5ECF /* AppDelegate.mm */; };
		D64E1719241A837A000C5ECF /* SceneDelegate.mm in Sources */ = {isa = PBXBuildFile; fileRef = D64E1718241A837A000C5ECF /* SceneDelegate.mm */; };
		D64E171C241A837A000C5ECF /* ViewController.mm in Sources */ = {isa = PBXBuildFile; fileRef = D64E171B241A837A000C5ECF /* ViewController.mm */; };
		D64E171F241A837A000C5ECF /* Main.storyboard in Resources */ = {isa = PBXBuildFile; fileRef = D64E171D241A837A000C5ECF /* Main.storyboard */; };
		D64E1721241A837C000C5ECF /* Assets.xcassets in Resources */ = {isa = PBXBuildFile; fileRef = D64E1720241A837C000C5ECF /* Assets.xcassets */; };
		D64E1724241A837C000C5ECF /* LaunchScreen.storyboard in Resources */ = {isa = PBXBuildFile; fileRef = D64E1722241A837C000C5ECF /* LaunchScreen.storyboard */; };
		D64E1727241A837C000C5ECF /* main.mm in Sources */ = {isa = PBXBuildFile; fileRef = D64E1726241A837C000C5ECF /* main.mm */; };
		D68678C0241E5D180088C933 /* QuartzCore.framework in Frameworks */ = {isa = PBXBuildFile; fileRef = D68678BF241E5D180088C933 /* QuartzCore.framework */; };
		D6BFF6BC241AE52B00A2A40A /* OpenGLES.framework in Frameworks */ = {isa = PBXBuildFile; fileRef = D6BFF6BA241AE52600A2A40A /* OpenGLES.framework */; };
		D6BFF6C2241AE58400A2A40A /* GLKit.framework in Frameworks */ = {isa = PBXBuildFile; fileRef = D6BFF6C1241AE58400A2A40A /* GLKit.framework */; };
		D6BFF6C3241AE59B00A2A40A /* UIKit.framework in Frameworks */ = {isa = PBXBuildFile; fileRef = D6BFF6BF241AE55400A2A40A /* UIKit.framework */; };
		D6D7963C2430F212000CA852 /* BaseScene.cpp in Sources */ = {isa = PBXBuildFile; fileRef = D6D795F92430F212000CA852 /* BaseScene.cpp */; };
		D6D7963D2430F212000CA852 /* ColoredCubeScene.cpp in Sources */ = {isa = PBXBuildFile; fileRef = D6D795FC2430F212000CA852 /* ColoredCubeScene.cpp */; };
		D6D7963E2430F212000CA852 /* BunnyScene.cpp in Sources */ = {isa = PBXBuildFile; fileRef = D6D795FE2430F212000CA852 /* BunnyScene.cpp */; };
		D6D7963F2430F212000CA852 /* EventHandler.cpp in Sources */ = {isa = PBXBuildFile; fileRef = D6D796022430F212000CA852 /* EventHandler.cpp */; };
		D6D796402430F212000CA852 /* Camera.cpp in Sources */ = {isa = PBXBuildFile; fileRef = D6D796042430F212000CA852 /* Camera.cpp */; };
		D6D796412430F212000CA852 /* FaTexture.cpp in Sources */ = {isa = PBXBuildFile; fileRef = D6D796072430F212000CA852 /* FaTexture.cpp */; };
		D6D796422430F212000CA852 /* BaseSurface.cpp in Sources */ = {isa = PBXBuildFile; fileRef = D6D796172430F212000CA852 /* BaseSurface.cpp */; };
		D6D796432430F212000CA852 /* TextureSurface.cpp in Sources */ = {isa = PBXBuildFile; fileRef = D6D7961A2430F212000CA852 /* TextureSurface.cpp */; };
		D6D796442430F212000CA852 /* ColorSurface.cpp in Sources */ = {isa = PBXBuildFile; fileRef = D6D7961E2430F212000CA852 /* ColorSurface.cpp */; };
		D6D796452430F212000CA852 /* SimpleSurface.cpp in Sources */ = {isa = PBXBuildFile; fileRef = D6D796202430F212000CA852 /* SimpleSurface.cpp */; };
		D6D796462430F212000CA852 /* Shape3d.cpp in Sources */ = {isa = PBXBuildFile; fileRef = D6D796222430F212000CA852 /* Shape3d.cpp */; };
		D6D796472430F212000CA852 /* OpenGl.cpp in Sources */ = {isa = PBXBuildFile; fileRef = D6D7962E2430F212000CA852 /* OpenGl.cpp */; };
		D6D796482430F212000CA852 /* DiffuseLight.cpp in Sources */ = {isa = PBXBuildFile; fileRef = D6D796312430F212000CA852 /* DiffuseLight.cpp */; };
		D6D796492430F212000CA852 /* Light.cpp in Sources */ = {isa = PBXBuildFile; fileRef = D6D796352430F212000CA852 /* Light.cpp */; };
		D6D7964A2430F212000CA852 /* DataAccessPoint.cpp in Sources */ = {isa = PBXBuildFile; fileRef = D6D796382430F212000CA852 /* DataAccessPoint.cpp */; };
		D6D7964B2430F212000CA852 /* Application.cpp in Sources */ = {isa = PBXBuildFile; fileRef = D6D7963B2430F212000CA852 /* Application.cpp */; };
		D6F2799D241BA69C008F4200 /* IPhoneHelper.mm in Sources */ = {isa = PBXBuildFile; fileRef = D6F2799C241BA69C008F4200 /* IPhoneHelper.mm */; };
		D6F279A0241BD34C008F4200 /* CoreGraphics.framework in Frameworks */ = {isa = PBXBuildFile; fileRef = D6F2799F241BD34B008F4200 /* CoreGraphics.framework */; };
		D6F279A3241BE29B008F4200 /* IPhoneHelperAbstraction.cpp in Sources */ = {isa = PBXBuildFile; fileRef = D6F279A2241BE29B008F4200 /* IPhoneHelperAbstraction.cpp */; };
		D6F279A5241BF88F008F4200 /* assets.xcassets in Resources */ = {isa = PBXBuildFile; fileRef = D6F279A4241BF88F008F4200 /* assets.xcassets */; };
		D6FFBE62242A82B5005D852D /* house.obj in Resources */ = {isa = PBXBuildFile; fileRef = D6FFBE15242A82B5005D852D /* house.obj */; };
		D6FFBE63242A82B5005D852D /* low_poly_buildings.obj in Resources */ = {isa = PBXBuildFile; fileRef = D6FFBE16242A82B5005D852D /* low_poly_buildings.obj */; };
		D6FFBE64242A82B5005D852D /* bunny.obj in Resources */ = {isa = PBXBuildFile; fileRef = D6FFBE17242A82B5005D852D /* bunny.obj */; };
		D6FFBE65242A82B5005D852D /* paper_texture.jpg in Resources */ = {isa = PBXBuildFile; fileRef = D6FFBE18242A82B5005D852D /* paper_texture.jpg */; };
		D6FFBE66242A82B5005D852D /* wood.png in Resources */ = {isa = PBXBuildFile; fileRef = D6FFBE19242A82B5005D852D /* wood.png */; };
		D6FFBE67242A82B5005D852D /* plant.obj in Resources */ = {isa = PBXBuildFile; fileRef = D6FFBE1A242A82B5005D852D /* plant.obj */; };
		D6FFBE68242A82B5005D852D /* dice_texture.png in Resources */ = {isa = PBXBuildFile; fileRef = D6FFBE1B242A82B5005D852D /* dice_texture.png */; };
		D6FFBE69242A82B5005D852D /* sky.png in Resources */ = {isa = PBXBuildFile; fileRef = D6FFBE1C242A82B5005D852D /* sky.png */; };
		D6FFBE6A242A82B5005D852D /* handgun.obj in Resources */ = {isa = PBXBuildFile; fileRef = D6FFBE1D242A82B5005D852D /* handgun.obj */; };
		D6FFBE6B242A82B5005D852D /* broken_cube_texture.png in Resources */ = {isa = PBXBuildFile; fileRef = D6FFBE1E242A82B5005D852D /* broken_cube_texture.png */; };
		D6FFBE6C242A82B5005D852D /* robot.obj in Resources */ = {isa = PBXBuildFile; fileRef = D6FFBE1F242A82B5005D852D /* robot.obj */; };
		D6FFBE6D242A82B5005D852D /* car.obj in Resources */ = {isa = PBXBuildFile; fileRef = D6FFBE20242A82B5005D852D /* car.obj */; };
		D6FFBE6E242A82B5005D852D /* watch_tower.obj in Resources */ = {isa = PBXBuildFile; fileRef = D6FFBE21242A82B5005D852D /* watch_tower.obj */; };
		D6FFBE6F242A82B5005D852D /* cat.obj in Resources */ = {isa = PBXBuildFile; fileRef = D6FFBE22242A82B5005D852D /* cat.obj */; };
/* End PBXBuildFile section */

/* Begin PBXFileReference section */
		D64E1711241A837A000C5ECF /* ThreeDimentionalCube.app */ = {isa = PBXFileReference; explicitFileType = wrapper.application; includeInIndex = 0; path = ThreeDimentionalCube.app; sourceTree = BUILT_PRODUCTS_DIR; };
		D64E1714241A837A000C5ECF /* AppDelegate.h */ = {isa = PBXFileReference; lastKnownFileType = sourcecode.c.h; path = AppDelegate.h; sourceTree = "<group>"; };
		D64E1715241A837A000C5ECF /* AppDelegate.mm */ = {isa = PBXFileReference; lastKnownFileType = sourcecode.cpp.objcpp; path = AppDelegate.mm; sourceTree = "<group>"; };
		D64E1717241A837A000C5ECF /* SceneDelegate.h */ = {isa = PBXFileReference; lastKnownFileType = sourcecode.c.h; path = SceneDelegate.h; sourceTree = "<group>"; };
		D64E1718241A837A000C5ECF /* SceneDelegate.mm */ = {isa = PBXFileReference; lastKnownFileType = sourcecode.cpp.objcpp; path = SceneDelegate.mm; sourceTree = "<group>"; };
		D64E171A241A837A000C5ECF /* ViewController.h */ = {isa = PBXFileReference; lastKnownFileType = sourcecode.c.h; path = ViewController.h; sourceTree = "<group>"; };
		D64E171B241A837A000C5ECF /* ViewController.mm */ = {isa = PBXFileReference; lastKnownFileType = sourcecode.cpp.objcpp; path = ViewController.mm; sourceTree = "<group>"; };
		D64E171E241A837A000C5ECF /* Base */ = {isa = PBXFileReference; lastKnownFileType = file.storyboard; name = Base; path = Base.lproj/Main.storyboard; sourceTree = "<group>"; };
		D64E1720241A837C000C5ECF /* Assets.xcassets */ = {isa = PBXFileReference; lastKnownFileType = folder.assetcatalog; path = Assets.xcassets; sourceTree = "<group>"; };
		D64E1723241A837C000C5ECF /* Base */ = {isa = PBXFileReference; lastKnownFileType = file.storyboard; name = Base; path = Base.lproj/LaunchScreen.storyboard; sourceTree = "<group>"; };
		D64E1725241A837C000C5ECF /* Info.plist */ = {isa = PBXFileReference; lastKnownFileType = text.plist.xml; path = Info.plist; sourceTree = "<group>"; };
		D64E1726241A837C000C5ECF /* main.mm */ = {isa = PBXFileReference; lastKnownFileType = sourcecode.cpp.objcpp; path = main.mm; sourceTree = "<group>"; };
		D68678BF241E5D180088C933 /* QuartzCore.framework */ = {isa = PBXFileReference; lastKnownFileType = wrapper.framework; name = QuartzCore.framework; path = System/Library/Frameworks/QuartzCore.framework; sourceTree = SDKROOT; };
		D6BFF6BA241AE52600A2A40A /* OpenGLES.framework */ = {isa = PBXFileReference; lastKnownFileType = wrapper.framework; name = OpenGLES.framework; path = System/Library/Frameworks/OpenGLES.framework; sourceTree = SDKROOT; };
		D6BFF6BF241AE55400A2A40A /* UIKit.framework */ = {isa = PBXFileReference; lastKnownFileType = wrapper.framework; name = UIKit.framework; path = System/Library/Frameworks/UIKit.framework; sourceTree = SDKROOT; };
		D6BFF6C1241AE58400A2A40A /* GLKit.framework */ = {isa = PBXFileReference; lastKnownFileType = wrapper.framework; name = GLKit.framework; path = System/Library/Frameworks/GLKit.framework; sourceTree = SDKROOT; };
		D6D795EF2430F212000CA852 /* Wood.h */ = {isa = PBXFileReference; fileEncoding = 4; lastKnownFileType = sourcecode.c.h; path = Wood.h; sourceTree = "<group>"; };
		D6D795F02430F212000CA852 /* Dice.h */ = {isa = PBXFileReference; fileEncoding = 4; lastKnownFileType = sourcecode.c.h; path = Dice.h; sourceTree = "<group>"; };
		D6D795F12430F212000CA852 /* Sky.h */ = {isa = PBXFileReference; fileEncoding = 4; lastKnownFileType = sourcecode.c.h; path = Sky.h; sourceTree = "<group>"; };
		D6D795F32430F212000CA852 /* VectorTemplate.h */ = {isa = PBXFileReference; fileEncoding = 4; lastKnownFileType = sourcecode.c.h; path = VectorTemplate.h; sourceTree = "<group>"; };
		D6D795F42430F212000CA852 /* FaObject.h */ = {isa = PBXFileReference; fileEncoding = 4; lastKnownFileType = sourcecode.c.h; path = FaObject.h; sourceTree = "<group>"; };
		D6D795F52430F212000CA852 /* MatrixTemplate.h */ = {isa = PBXFileReference; fileEncoding = 4; lastKnownFileType = sourcecode.c.h; path = MatrixTemplate.h; sourceTree = "<group>"; };
		D6D795F82430F212000CA852 /* BaseScene.h */ = {isa = PBXFileReference; fileEncoding = 4; lastKnownFileType = sourcecode.c.h; path = BaseScene.h; sourceTree = "<group>"; };
		D6D795F92430F212000CA852 /* BaseScene.cpp */ = {isa = PBXFileReference; fileEncoding = 4; lastKnownFileType = sourcecode.cpp.cpp; path = BaseScene.cpp; sourceTree = "<group>"; };
		D6D795FB2430F212000CA852 /* ColoredCubeScene.h */ = {isa = PBXFileReference; fileEncoding = 4; lastKnownFileType = sourcecode.c.h; path = ColoredCubeScene.h; sourceTree = "<group>"; };
		D6D795FC2430F212000CA852 /* ColoredCubeScene.cpp */ = {isa = PBXFileReference; fileEncoding = 4; lastKnownFileType = sourcecode.cpp.cpp; path = ColoredCubeScene.cpp; sourceTree = "<group>"; };
		D6D795FE2430F212000CA852 /* BunnyScene.cpp */ = {isa = PBXFileReference; fileEncoding = 4; lastKnownFileType = sourcecode.cpp.cpp; path = BunnyScene.cpp; sourceTree = "<group>"; };
		D6D795FF2430F212000CA852 /* BunnyScene.h */ = {isa = PBXFileReference; fileEncoding = 4; lastKnownFileType = sourcecode.c.h; path = BunnyScene.h; sourceTree = "<group>"; };
		D6D796012430F212000CA852 /* EventHandler.h */ = {isa = PBXFileReference; fileEncoding = 4; lastKnownFileType = sourcecode.c.h; path = EventHandler.h; sourceTree = "<group>"; };
		D6D796022430F212000CA852 /* EventHandler.cpp */ = {isa = PBXFileReference; fileEncoding = 4; lastKnownFileType = sourcecode.cpp.cpp; path = EventHandler.cpp; sourceTree = "<group>"; };
		D6D796042430F212000CA852 /* Camera.cpp */ = {isa = PBXFileReference; fileEncoding = 4; lastKnownFileType = sourcecode.cpp.cpp; path = Camera.cpp; sourceTree = "<group>"; };
		D6D796052430F212000CA852 /* Camera.h */ = {isa = PBXFileReference; fileEncoding = 4; lastKnownFileType = sourcecode.c.h; path = Camera.h; sourceTree = "<group>"; };
		D6D796072430F212000CA852 /* FaTexture.cpp */ = {isa = PBXFileReference; fileEncoding = 4; lastKnownFileType = sourcecode.cpp.cpp; path = FaTexture.cpp; sourceTree = "<group>"; };
		D6D796082430F212000CA852 /* FaTexture.h */ = {isa = PBXFileReference; fileEncoding = 4; lastKnownFileType = sourcecode.c.h; path = FaTexture.h; sourceTree = "<group>"; };
		D6D7960A2430F212000CA852 /* FileSystem.h */ = {isa = PBXFileReference; fileEncoding = 4; lastKnownFileType = sourcecode.c.h; path = FileSystem.h; sourceTree = "<group>"; };
		D6D7960D2430F212000CA852 /* Operators.h */ = {isa = PBXFileReference; fileEncoding = 4; lastKnownFileType = sourcecode.c.h; path = Operators.h; sourceTree = "<group>"; };
		D6D7960F2430F212000CA852 /* Path.h */ = {isa = PBXFileReference; fileEncoding = 4; lastKnownFileType = sourcecode.c.h; path = Path.h; sourceTree = "<group>"; };
		D6D796112430F212000CA852 /* Math.h */ = {isa = PBXFileReference; fileEncoding = 4; lastKnownFileType = sourcecode.c.h; path = Math.h; sourceTree = "<group>"; };
		D6D796132430F212000CA852 /* Logger.h */ = {isa = PBXFileReference; fileEncoding = 4; lastKnownFileType = sourcecode.c.h; path = Logger.h; sourceTree = "<group>"; };
		D6D796172430F212000CA852 /* BaseSurface.cpp */ = {isa = PBXFileReference; fileEncoding = 4; lastKnownFileType = sourcecode.cpp.cpp; path = BaseSurface.cpp; sourceTree = "<group>"; };
		D6D796182430F212000CA852 /* BaseSurface.h */ = {isa = PBXFileReference; fileEncoding = 4; lastKnownFileType = sourcecode.c.h; path = BaseSurface.h; sourceTree = "<group>"; };
		D6D7961A2430F212000CA852 /* TextureSurface.cpp */ = {isa = PBXFileReference; fileEncoding = 4; lastKnownFileType = sourcecode.cpp.cpp; path = TextureSurface.cpp; sourceTree = "<group>"; };
		D6D7961B2430F212000CA852 /* TextureSurface.h */ = {isa = PBXFileReference; fileEncoding = 4; lastKnownFileType = sourcecode.c.h; path = TextureSurface.h; sourceTree = "<group>"; };
		D6D7961D2430F212000CA852 /* ColorSurface.h */ = {isa = PBXFileReference; fileEncoding = 4; lastKnownFileType = sourcecode.c.h; path = ColorSurface.h; sourceTree = "<group>"; };
		D6D7961E2430F212000CA852 /* ColorSurface.cpp */ = {isa = PBXFileReference; fileEncoding = 4; lastKnownFileType = sourcecode.cpp.cpp; path = ColorSurface.cpp; sourceTree = "<group>"; };
		D6D796202430F212000CA852 /* SimpleSurface.cpp */ = {isa = PBXFileReference; fileEncoding = 4; lastKnownFileType = sourcecode.cpp.cpp; path = SimpleSurface.cpp; sourceTree = "<group>"; };
		D6D796212430F212000CA852 /* SimpleSurface.h */ = {isa = PBXFileReference; fileEncoding = 4; lastKnownFileType = sourcecode.c.h; path = SimpleSurface.h; sourceTree = "<group>"; };
		D6D796222430F212000CA852 /* Shape3d.cpp */ = {isa = PBXFileReference; fileEncoding = 4; lastKnownFileType = sourcecode.cpp.cpp; path = Shape3d.cpp; sourceTree = "<group>"; };
		D6D796232430F212000CA852 /* Shape3d.h */ = {isa = PBXFileReference; fileEncoding = 4; lastKnownFileType = sourcecode.c.h; path = Shape3d.h; sourceTree = "<group>"; };
		D6D796262430F212000CA852 /* tiny_obj_loader.h */ = {isa = PBXFileReference; fileEncoding = 4; lastKnownFileType = sourcecode.c.h; path = tiny_obj_loader.h; sourceTree = "<group>"; };
		D6D796282430F212000CA852 /* Miniball.h */ = {isa = PBXFileReference; fileEncoding = 4; lastKnownFileType = sourcecode.c.h; path = Miniball.h; sourceTree = "<group>"; };
		D6D7962A2430F212000CA852 /* open_gl_stb_image.h */ = {isa = PBXFileReference; fileEncoding = 4; lastKnownFileType = sourcecode.c.h; path = open_gl_stb_image.h; sourceTree = "<group>"; };
		D6D7962B2430F212000CA852 /* Constants.h */ = {isa = PBXFileReference; fileEncoding = 4; lastKnownFileType = sourcecode.c.h; path = Constants.h; sourceTree = "<group>"; };
		D6D7962D2430F212000CA852 /* OpenGl.h */ = {isa = PBXFileReference; fileEncoding = 4; lastKnownFileType = sourcecode.c.h; path = OpenGl.h; sourceTree = "<group>"; };
		D6D7962E2430F212000CA852 /* OpenGl.cpp */ = {isa = PBXFileReference; fileEncoding = 4; lastKnownFileType = sourcecode.cpp.cpp; path = OpenGl.cpp; sourceTree = "<group>"; };
		D6D796312430F212000CA852 /* DiffuseLight.cpp */ = {isa = PBXFileReference; fileEncoding = 4; lastKnownFileType = sourcecode.cpp.cpp; path = DiffuseLight.cpp; sourceTree = "<group>"; };
		D6D796322430F212000CA852 /* DiffuseLight.h */ = {isa = PBXFileReference; fileEncoding = 4; lastKnownFileType = sourcecode.c.h; path = DiffuseLight.h; sourceTree = "<group>"; };
		D6D796342430F212000CA852 /* Light.h */ = {isa = PBXFileReference; fileEncoding = 4; lastKnownFileType = sourcecode.c.h; path = Light.h; sourceTree = "<group>"; };
		D6D796352430F212000CA852 /* Light.cpp */ = {isa = PBXFileReference; fileEncoding = 4; lastKnownFileType = sourcecode.cpp.cpp; path = Light.cpp; sourceTree = "<group>"; };
		D6D796372430F212000CA852 /* DataAccessPoint.h */ = {isa = PBXFileReference; fileEncoding = 4; lastKnownFileType = sourcecode.c.h; path = DataAccessPoint.h; sourceTree = "<group>"; };
		D6D796382430F212000CA852 /* DataAccessPoint.cpp */ = {isa = PBXFileReference; fileEncoding = 4; lastKnownFileType = sourcecode.cpp.cpp; path = DataAccessPoint.cpp; sourceTree = "<group>"; };
		D6D7963A2430F212000CA852 /* Application.h */ = {isa = PBXFileReference; fileEncoding = 4; lastKnownFileType = sourcecode.c.h; path = Application.h; sourceTree = "<group>"; };
		D6D7963B2430F212000CA852 /* Application.cpp */ = {isa = PBXFileReference; fileEncoding = 4; lastKnownFileType = sourcecode.cpp.cpp; path = Application.cpp; sourceTree = "<group>"; };
		D6F2799B241BA645008F4200 /* IPhoneHelper.h */ = {isa = PBXFileReference; lastKnownFileType = sourcecode.c.h; path = IPhoneHelper.h; sourceTree = "<group>"; };
		D6F2799C241BA69C008F4200 /* IPhoneHelper.mm */ = {isa = PBXFileReference; lastKnownFileType = sourcecode.cpp.objcpp; path = IPhoneHelper.mm; sourceTree = "<group>"; };
		D6F2799E241BA7A6008F4200 /* IPhoneHelper-C-Interface.h */ = {isa = PBXFileReference; lastKnownFileType = sourcecode.c.h; path = "IPhoneHelper-C-Interface.h"; sourceTree = "<group>"; };
		D6F2799F241BD34B008F4200 /* CoreGraphics.framework */ = {isa = PBXFileReference; lastKnownFileType = wrapper.framework; name = CoreGraphics.framework; path = System/Library/Frameworks/CoreGraphics.framework; sourceTree = SDKROOT; };
		D6F279A1241BE29A008F4200 /* IPhoneHelperAbstraction.h */ = {isa = PBXFileReference; fileEncoding = 4; lastKnownFileType = sourcecode.c.h; path = IPhoneHelperAbstraction.h; sourceTree = "<group>"; };
		D6F279A2241BE29B008F4200 /* IPhoneHelperAbstraction.cpp */ = {isa = PBXFileReference; fileEncoding = 4; lastKnownFileType = sourcecode.cpp.cpp; path = IPhoneHelperAbstraction.cpp; sourceTree = "<group>"; };
		D6F279A4241BF88F008F4200 /* assets.xcassets */ = {isa = PBXFileReference; lastKnownFileType = folder.assetcatalog; path = assets.xcassets; sourceTree = "<group>"; };
		D6FFBE15242A82B5005D852D /* house.obj */ = {isa = PBXFileReference; fileEncoding = 4; lastKnownFileType = text; path = house.obj; sourceTree = "<group>"; };
		D6FFBE16242A82B5005D852D /* low_poly_buildings.obj */ = {isa = PBXFileReference; fileEncoding = 4; lastKnownFileType = text; path = low_poly_buildings.obj; sourceTree = "<group>"; };
		D6FFBE17242A82B5005D852D /* bunny.obj */ = {isa = PBXFileReference; fileEncoding = 4; lastKnownFileType = text; path = bunny.obj; sourceTree = "<group>"; };
		D6FFBE18242A82B5005D852D /* paper_texture.jpg */ = {isa = PBXFileReference; lastKnownFileType = image.jpeg; path = paper_texture.jpg; sourceTree = "<group>"; };
		D6FFBE19242A82B5005D852D /* wood.png */ = {isa = PBXFileReference; lastKnownFileType = image.png; path = wood.png; sourceTree = "<group>"; };
		D6FFBE1A242A82B5005D852D /* plant.obj */ = {isa = PBXFileReference; fileEncoding = 4; lastKnownFileType = text; path = plant.obj; sourceTree = "<group>"; };
		D6FFBE1B242A82B5005D852D /* dice_texture.png */ = {isa = PBXFileReference; lastKnownFileType = image.png; path = dice_texture.png; sourceTree = "<group>"; };
		D6FFBE1C242A82B5005D852D /* sky.png */ = {isa = PBXFileReference; lastKnownFileType = image.png; path = sky.png; sourceTree = "<group>"; };
		D6FFBE1D242A82B5005D852D /* handgun.obj */ = {isa = PBXFileReference; fileEncoding = 4; lastKnownFileType = text; path = handgun.obj; sourceTree = "<group>"; };
		D6FFBE1E242A82B5005D852D /* broken_cube_texture.png */ = {isa = PBXFileReference; lastKnownFileType = image.png; path = broken_cube_texture.png; sourceTree = "<group>"; };
		D6FFBE1F242A82B5005D852D /* robot.obj */ = {isa = PBXFileReference; fileEncoding = 4; lastKnownFileType = text; path = robot.obj; sourceTree = "<group>"; };
		D6FFBE20242A82B5005D852D /* car.obj */ = {isa = PBXFileReference; fileEncoding = 4; lastKnownFileType = text; path = car.obj; sourceTree = "<group>"; };
		D6FFBE21242A82B5005D852D /* watch_tower.obj */ = {isa = PBXFileReference; fileEncoding = 4; lastKnownFileType = text; path = watch_tower.obj; sourceTree = "<group>"; };
		D6FFBE22242A82B5005D852D /* cat.obj */ = {isa = PBXFileReference; fileEncoding = 4; lastKnownFileType = text; path = cat.obj; sourceTree = "<group>"; };
/* End PBXFileReference section */

/* Begin PBXFrameworksBuildPhase section */
		D64E170E241A837A000C5ECF /* Frameworks */ = {
			isa = PBXFrameworksBuildPhase;
			buildActionMask = 2147483647;
			files = (
				D68678C0241E5D180088C933 /* QuartzCore.framework in Frameworks */,
				D6F279A0241BD34C008F4200 /* CoreGraphics.framework in Frameworks */,
				D6BFF6BC241AE52B00A2A40A /* OpenGLES.framework in Frameworks */,
				D6BFF6C3241AE59B00A2A40A /* UIKit.framework in Frameworks */,
				D6BFF6C2241AE58400A2A40A /* GLKit.framework in Frameworks */,
			);
			runOnlyForDeploymentPostprocessing = 0;
		};
/* End PBXFrameworksBuildPhase section */

/* Begin PBXGroup section */
		D64E1708241A837A000C5ECF = {
			isa = PBXGroup;
			children = (
				D6D795ED2430F212000CA852 /* src */,
				D6FFBE14242A82B5005D852D /* assets */,
				D6F279A4241BF88F008F4200 /* assets.xcassets */,
				D64E1713241A837A000C5ECF /* ThreeDimentionalCube */,
				D64E1712241A837A000C5ECF /* Products */,
				D6BFF6B9241AE52600A2A40A /* Frameworks */,
			);
			sourceTree = "<group>";
		};
		D64E1712241A837A000C5ECF /* Products */ = {
			isa = PBXGroup;
			children = (
				D64E1711241A837A000C5ECF /* ThreeDimentionalCube.app */,
			);
			name = Products;
			sourceTree = "<group>";
		};
		D64E1713241A837A000C5ECF /* ThreeDimentionalCube */ = {
			isa = PBXGroup;
			children = (
				D6F279A2241BE29B008F4200 /* IPhoneHelperAbstraction.cpp */,
				D6F279A1241BE29A008F4200 /* IPhoneHelperAbstraction.h */,
				D64E1714241A837A000C5ECF /* AppDelegate.h */,
				D64E1715241A837A000C5ECF /* AppDelegate.mm */,
				D64E1717241A837A000C5ECF /* SceneDelegate.h */,
				D64E1718241A837A000C5ECF /* SceneDelegate.mm */,
				D64E171A241A837A000C5ECF /* ViewController.h */,
				D64E171B241A837A000C5ECF /* ViewController.mm */,
				D64E171D241A837A000C5ECF /* Main.storyboard */,
				D64E1720241A837C000C5ECF /* Assets.xcassets */,
				D64E1722241A837C000C5ECF /* LaunchScreen.storyboard */,
				D64E1725241A837C000C5ECF /* Info.plist */,
				D64E1726241A837C000C5ECF /* main.mm */,
				D6F2799B241BA645008F4200 /* IPhoneHelper.h */,
				D6F2799C241BA69C008F4200 /* IPhoneHelper.mm */,
				D6F2799E241BA7A6008F4200 /* IPhoneHelper-C-Interface.h */,
			);
			path = ThreeDimentionalCube;
			sourceTree = "<group>";
		};
		D6BFF6B9241AE52600A2A40A /* Frameworks */ = {
			isa = PBXGroup;
			children = (
				D68678BF241E5D180088C933 /* QuartzCore.framework */,
				D6F2799F241BD34B008F4200 /* CoreGraphics.framework */,
				D6BFF6C1241AE58400A2A40A /* GLKit.framework */,
				D6BFF6BF241AE55400A2A40A /* UIKit.framework */,
				D6BFF6BA241AE52600A2A40A /* OpenGLES.framework */,
			);
			name = Frameworks;
			sourceTree = "<group>";
		};
		D6D795ED2430F212000CA852 /* src */ = {
			isa = PBXGroup;
			children = (
				D6D795EE2430F212000CA852 /* 3d_models */,
				D6D795F22430F212000CA852 /* data_types */,
				D6D795F62430F212000CA852 /* scenes */,
				D6D796002430F212000CA852 /* event_handler */,
				D6D796032430F212000CA852 /* camera */,
				D6D796062430F212000CA852 /* fa_texture */,
				D6D796092430F212000CA852 /* file_system */,
				D6D7960B2430F212000CA852 /* utils */,
				D6D796142430F212000CA852 /* 3d_shape */,
				D6D796242430F212000CA852 /* libs */,
				D6D7962B2430F212000CA852 /* Constants.h */,
				D6D7962C2430F212000CA852 /* open_gl */,
				D6D7962F2430F212000CA852 /* shaders */,
				D6D796362430F212000CA852 /* data_access_point */,
				D6D796392430F212000CA852 /* application */,
			);
			name = src;
			path = ../../src;
			sourceTree = "<group>";
		};
		D6D795EE2430F212000CA852 /* 3d_models */ = {
			isa = PBXGroup;
			children = (
				D6D795EF2430F212000CA852 /* Wood.h */,
				D6D795F02430F212000CA852 /* Dice.h */,
				D6D795F12430F212000CA852 /* Sky.h */,
			);
			path = 3d_models;
			sourceTree = "<group>";
		};
		D6D795F22430F212000CA852 /* data_types */ = {
			isa = PBXGroup;
			children = (
				D6D795F32430F212000CA852 /* VectorTemplate.h */,
				D6D795F42430F212000CA852 /* FaObject.h */,
				D6D795F52430F212000CA852 /* MatrixTemplate.h */,
			);
			path = data_types;
			sourceTree = "<group>";
		};
		D6D795F62430F212000CA852 /* scenes */ = {
			isa = PBXGroup;
			children = (
				D6D795F72430F212000CA852 /* base_scene */,
				D6D795FA2430F212000CA852 /* colored_cube_scene */,
				D6D795FD2430F212000CA852 /* bunny_scene */,
			);
			path = scenes;
			sourceTree = "<group>";
		};
		D6D795F72430F212000CA852 /* base_scene */ = {
			isa = PBXGroup;
			children = (
				D6D795F82430F212000CA852 /* BaseScene.h */,
				D6D795F92430F212000CA852 /* BaseScene.cpp */,
			);
			path = base_scene;
			sourceTree = "<group>";
		};
		D6D795FA2430F212000CA852 /* colored_cube_scene */ = {
			isa = PBXGroup;
			children = (
				D6D795FB2430F212000CA852 /* ColoredCubeScene.h */,
				D6D795FC2430F212000CA852 /* ColoredCubeScene.cpp */,
			);
			path = colored_cube_scene;
			sourceTree = "<group>";
		};
		D6D795FD2430F212000CA852 /* bunny_scene */ = {
			isa = PBXGroup;
			children = (
				D6D795FE2430F212000CA852 /* BunnyScene.cpp */,
				D6D795FF2430F212000CA852 /* BunnyScene.h */,
			);
			path = bunny_scene;
			sourceTree = "<group>";
		};
		D6D796002430F212000CA852 /* event_handler */ = {
			isa = PBXGroup;
			children = (
				D6D796012430F212000CA852 /* EventHandler.h */,
				D6D796022430F212000CA852 /* EventHandler.cpp */,
			);
			path = event_handler;
			sourceTree = "<group>";
		};
		D6D796032430F212000CA852 /* camera */ = {
			isa = PBXGroup;
			children = (
				D6D796042430F212000CA852 /* Camera.cpp */,
				D6D796052430F212000CA852 /* Camera.h */,
			);
			path = camera;
			sourceTree = "<group>";
		};
		D6D796062430F212000CA852 /* fa_texture */ = {
			isa = PBXGroup;
			children = (
				D6D796072430F212000CA852 /* FaTexture.cpp */,
				D6D796082430F212000CA852 /* FaTexture.h */,
			);
			path = fa_texture;
			sourceTree = "<group>";
		};
		D6D796092430F212000CA852 /* file_system */ = {
			isa = PBXGroup;
			children = (
				D6D7960A2430F212000CA852 /* FileSystem.h */,
			);
			path = file_system;
			sourceTree = "<group>";
		};
		D6D7960B2430F212000CA852 /* utils */ = {
			isa = PBXGroup;
			children = (
				D6D7960C2430F212000CA852 /* operators */,
				D6D7960E2430F212000CA852 /* path */,
				D6D796102430F212000CA852 /* math */,
				D6D796122430F212000CA852 /* log */,
			);
			path = utils;
			sourceTree = "<group>";
		};
		D6D7960C2430F212000CA852 /* operators */ = {
			isa = PBXGroup;
			children = (
				D6D7960D2430F212000CA852 /* Operators.h */,
			);
			path = operators;
			sourceTree = "<group>";
		};
		D6D7960E2430F212000CA852 /* path */ = {
			isa = PBXGroup;
			children = (
				D6D7960F2430F212000CA852 /* Path.h */,
			);
			path = path;
			sourceTree = "<group>";
		};
		D6D796102430F212000CA852 /* math */ = {
			isa = PBXGroup;
			children = (
				D6D796112430F212000CA852 /* Math.h */,
			);
			path = math;
			sourceTree = "<group>";
		};
		D6D796122430F212000CA852 /* log */ = {
			isa = PBXGroup;
			children = (
				D6D796132430F212000CA852 /* Logger.h */,
			);
			path = log;
			sourceTree = "<group>";
		};
		D6D796142430F212000CA852 /* 3d_shape */ = {
			isa = PBXGroup;
			children = (
				D6D796152430F212000CA852 /* surface */,
				D6D796222430F212000CA852 /* Shape3d.cpp */,
				D6D796232430F212000CA852 /* Shape3d.h */,
			);
			path = 3d_shape;
			sourceTree = "<group>";
		};
		D6D796152430F212000CA852 /* surface */ = {
			isa = PBXGroup;
			children = (
				D6D796162430F212000CA852 /* base_surface */,
				D6D796192430F212000CA852 /* texture_surface */,
				D6D7961C2430F212000CA852 /* color_surface */,
				D6D7961F2430F212000CA852 /* simple_edge */,
			);
			path = surface;
			sourceTree = "<group>";
		};
		D6D796162430F212000CA852 /* base_surface */ = {
			isa = PBXGroup;
			children = (
				D6D796172430F212000CA852 /* BaseSurface.cpp */,
				D6D796182430F212000CA852 /* BaseSurface.h */,
			);
			path = base_surface;
			sourceTree = "<group>";
		};
		D6D796192430F212000CA852 /* texture_surface */ = {
			isa = PBXGroup;
			children = (
				D6D7961A2430F212000CA852 /* TextureSurface.cpp */,
				D6D7961B2430F212000CA852 /* TextureSurface.h */,
			);
			path = texture_surface;
			sourceTree = "<group>";
		};
		D6D7961C2430F212000CA852 /* color_surface */ = {
			isa = PBXGroup;
			children = (
				D6D7961D2430F212000CA852 /* ColorSurface.h */,
				D6D7961E2430F212000CA852 /* ColorSurface.cpp */,
			);
			path = color_surface;
			sourceTree = "<group>";
		};
		D6D7961F2430F212000CA852 /* simple_edge */ = {
			isa = PBXGroup;
			children = (
				D6D796202430F212000CA852 /* SimpleSurface.cpp */,
				D6D796212430F212000CA852 /* SimpleSurface.h */,
			);
			path = simple_edge;
			sourceTree = "<group>";
		};
		D6D796242430F212000CA852 /* libs */ = {
			isa = PBXGroup;
			children = (
				D6D796252430F212000CA852 /* tiny_obj_loader */,
				D6D796272430F212000CA852 /* mini_ball */,
				D6D796292430F212000CA852 /* stb_image */,
			);
			path = libs;
			sourceTree = "<group>";
		};
		D6D796252430F212000CA852 /* tiny_obj_loader */ = {
			isa = PBXGroup;
			children = (
				D6D796262430F212000CA852 /* tiny_obj_loader.h */,
			);
			path = tiny_obj_loader;
			sourceTree = "<group>";
		};
		D6D796272430F212000CA852 /* mini_ball */ = {
			isa = PBXGroup;
			children = (
				D6D796282430F212000CA852 /* Miniball.h */,
			);
			path = mini_ball;
			sourceTree = "<group>";
		};
		D6D796292430F212000CA852 /* stb_image */ = {
			isa = PBXGroup;
			children = (
				D6D7962A2430F212000CA852 /* open_gl_stb_image.h */,
			);
			path = stb_image;
			sourceTree = "<group>";
		};
		D6D7962C2430F212000CA852 /* open_gl */ = {
			isa = PBXGroup;
			children = (
				D6D7962D2430F212000CA852 /* OpenGl.h */,
				D6D7962E2430F212000CA852 /* OpenGl.cpp */,
			);
			path = open_gl;
			sourceTree = "<group>";
		};
		D6D7962F2430F212000CA852 /* shaders */ = {
			isa = PBXGroup;
			children = (
				D6D796302430F212000CA852 /* diffuse_light */,
				D6D796332430F212000CA852 /* light */,
			);
			path = shaders;
			sourceTree = "<group>";
		};
		D6D796302430F212000CA852 /* diffuse_light */ = {
			isa = PBXGroup;
			children = (
				D6D796312430F212000CA852 /* DiffuseLight.cpp */,
				D6D796322430F212000CA852 /* DiffuseLight.h */,
			);
			path = diffuse_light;
			sourceTree = "<group>";
		};
		D6D796332430F212000CA852 /* light */ = {
			isa = PBXGroup;
			children = (
				D6D796342430F212000CA852 /* Light.h */,
				D6D796352430F212000CA852 /* Light.cpp */,
			);
			path = light;
			sourceTree = "<group>";
		};
		D6D796362430F212000CA852 /* data_access_point */ = {
			isa = PBXGroup;
			children = (
				D6D796372430F212000CA852 /* DataAccessPoint.h */,
				D6D796382430F212000CA852 /* DataAccessPoint.cpp */,
			);
			path = data_access_point;
			sourceTree = "<group>";
		};
		D6D796392430F212000CA852 /* application */ = {
			isa = PBXGroup;
			children = (
				D6D7963A2430F212000CA852 /* Application.h */,
				D6D7963B2430F212000CA852 /* Application.cpp */,
			);
			path = application;
			sourceTree = "<group>";
		};
		D6FFBE14242A82B5005D852D /* assets */ = {
			isa = PBXGroup;
			children = (
				D6FFBE15242A82B5005D852D /* house.obj */,
				D6FFBE16242A82B5005D852D /* low_poly_buildings.obj */,
				D6FFBE17242A82B5005D852D /* bunny.obj */,
				D6FFBE18242A82B5005D852D /* paper_texture.jpg */,
				D6FFBE19242A82B5005D852D /* wood.png */,
				D6FFBE1A242A82B5005D852D /* plant.obj */,
				D6FFBE1B242A82B5005D852D /* dice_texture.png */,
				D6FFBE1C242A82B5005D852D /* sky.png */,
				D6FFBE1D242A82B5005D852D /* handgun.obj */,
				D6FFBE1E242A82B5005D852D /* broken_cube_texture.png */,
				D6FFBE1F242A82B5005D852D /* robot.obj */,
				D6FFBE20242A82B5005D852D /* car.obj */,
				D6FFBE21242A82B5005D852D /* watch_tower.obj */,
				D6FFBE22242A82B5005D852D /* cat.obj */,
			);
			name = assets;
			path = ../../assets;
			sourceTree = "<group>";
		};
/* End PBXGroup section */

/* Begin PBXNativeTarget section */
		D64E1710241A837A000C5ECF /* ThreeDimentionalCube */ = {
			isa = PBXNativeTarget;
			buildConfigurationList = D64E172A241A837C000C5ECF /* Build configuration list for PBXNativeTarget "ThreeDimentionalCube" */;
			buildPhases = (
				D64E170D241A837A000C5ECF /* Sources */,
				D64E170E241A837A000C5ECF /* Frameworks */,
				D64E170F241A837A000C5ECF /* Resources */,
			);
			buildRules = (
			);
			dependencies = (
			);
			name = ThreeDimentionalCube;
			productName = ThreeDimentionalCube;
			productReference = D64E1711241A837A000C5ECF /* ThreeDimentionalCube.app */;
			productType = "com.apple.product-type.application";
		};
/* End PBXNativeTarget section */

/* Begin PBXProject section */
		D64E1709241A837A000C5ECF /* Project object */ = {
			isa = PBXProject;
			attributes = {
				LastUpgradeCheck = 1110;
				ORGANIZATIONNAME = mohammad.fakhreddin;
				TargetAttributes = {
					D64E1710241A837A000C5ECF = {
						CreatedOnToolsVersion = 11.1;
					};
				};
			};
			buildConfigurationList = D64E170C241A837A000C5ECF /* Build configuration list for PBXProject "ThreeDimentionalCube" */;
			compatibilityVersion = "Xcode 9.3";
			developmentRegion = en;
			hasScannedForEncodings = 0;
			knownRegions = (
				en,
				Base,
			);
			mainGroup = D64E1708241A837A000C5ECF;
			productRefGroup = D64E1712241A837A000C5ECF /* Products */;
			projectDirPath = "";
			projectRoot = "";
			targets = (
				D64E1710241A837A000C5ECF /* ThreeDimentionalCube */,
			);
		};
/* End PBXProject section */

/* Begin PBXResourcesBuildPhase section */
		D64E170F241A837A000C5ECF /* Resources */ = {
			isa = PBXResourcesBuildPhase;
			buildActionMask = 2147483647;
			files = (
				D6FFBE6C242A82B5005D852D /* robot.obj in Resources */,
				D6FFBE65242A82B5005D852D /* paper_texture.jpg in Resources */,
				D6FFBE63242A82B5005D852D /* low_poly_buildings.obj in Resources */,
				D6FFBE66242A82B5005D852D /* wood.png in Resources */,
				D64E1724241A837C000C5ECF /* LaunchScreen.storyboard in Resources */,
				D64E1721241A837C000C5ECF /* Assets.xcassets in Resources */,
				D6FFBE6F242A82B5005D852D /* cat.obj in Resources */,
				D6FFBE6D242A82B5005D852D /* car.obj in Resources */,
				D6FFBE6E242A82B5005D852D /* watch_tower.obj in Resources */,
				D6FFBE62242A82B5005D852D /* house.obj in Resources */,
				D64E171F241A837A000C5ECF /* Main.storyboard in Resources */,
				D6FFBE67242A82B5005D852D /* plant.obj in Resources */,
				D6FFBE68242A82B5005D852D /* dice_texture.png in Resources */,
				D6FFBE6B242A82B5005D852D /* broken_cube_texture.png in Resources */,
				D6FFBE69242A82B5005D852D /* sky.png in Resources */,
				D6FFBE64242A82B5005D852D /* bunny.obj in Resources */,
				D6FFBE6A242A82B5005D852D /* handgun.obj in Resources */,
				D6F279A5241BF88F008F4200 /* assets.xcassets in Resources */,
			);
			runOnlyForDeploymentPostprocessing = 0;
		};
/* End PBXResourcesBuildPhase section */

/* Begin PBXSourcesBuildPhase section */
		D64E170D241A837A000C5ECF /* Sources */ = {
			isa = PBXSourcesBuildPhase;
			buildActionMask = 2147483647;
			files = (
				D64E171C241A837A000C5ECF /* ViewController.mm in Sources */,
				D6D796432430F212000CA852 /* TextureSurface.cpp in Sources */,
				D6D7964B2430F212000CA852 /* Application.cpp in Sources */,
				D6D796442430F212000CA852 /* ColorSurface.cpp in Sources */,
				D6D7963E2430F212000CA852 /* BunnyScene.cpp in Sources */,
				D6F279A3241BE29B008F4200 /* IPhoneHelperAbstraction.cpp in Sources */,
				D6D796452430F212000CA852 /* SimpleSurface.cpp in Sources */,
				D6D7963D2430F212000CA852 /* ColoredCubeScene.cpp in Sources */,
				D6D796462430F212000CA852 /* Shape3d.cpp in Sources */,
				D6D796402430F212000CA852 /* Camera.cpp in Sources */,
				D6D7963C2430F212000CA852 /* BaseScene.cpp in Sources */,
				D6D796492430F212000CA852 /* Light.cpp in Sources */,
				D6D7963F2430F212000CA852 /* EventHandler.cpp in Sources */,
				D6D796422430F212000CA852 /* BaseSurface.cpp in Sources */,
				D6F2799D241BA69C008F4200 /* IPhoneHelper.mm in Sources */,
				D64E1716241A837A000C5ECF /* AppDelegate.mm in Sources */,
				D6D796472430F212000CA852 /* OpenGl.cpp in Sources */,
				D6D7964A2430F212000CA852 /* DataAccessPoint.cpp in Sources */,
				D64E1727241A837C000C5ECF /* main.mm in Sources */,
				D6D796412430F212000CA852 /* FaTexture.cpp in Sources */,
				D64E1719241A837A000C5ECF /* SceneDelegate.mm in Sources */,
				D6D796482430F212000CA852 /* DiffuseLight.cpp in Sources */,
			);
			runOnlyForDeploymentPostprocessing = 0;
		};
/* End PBXSourcesBuildPhase section */

/* Begin PBXVariantGroup section */
		D64E171D241A837A000C5ECF /* Main.storyboard */ = {
			isa = PBXVariantGroup;
			children = (
				D64E171E241A837A000C5ECF /* Base */,
			);
			name = Main.storyboard;
			sourceTree = "<group>";
		};
		D64E1722241A837C000C5ECF /* LaunchScreen.storyboard */ = {
			isa = PBXVariantGroup;
			children = (
				D64E1723241A837C000C5ECF /* Base */,
			);
			name = LaunchScreen.storyboard;
			sourceTree = "<group>";
		};
/* End PBXVariantGroup section */

/* Begin XCBuildConfiguration section */
		D64E1728241A837C000C5ECF /* Debug */ = {
			isa = XCBuildConfiguration;
			buildSettings = {
				ALWAYS_SEARCH_USER_PATHS = NO;
				CLANG_ANALYZER_NONNULL = YES;
				CLANG_ANALYZER_NUMBER_OBJECT_CONVERSION = YES_AGGRESSIVE;
				CLANG_CXX_LANGUAGE_STANDARD = "gnu++14";
				CLANG_CXX_LIBRARY = "libc++";
				CLANG_ENABLE_MODULES = YES;
				CLANG_ENABLE_OBJC_ARC = YES;
				CLANG_ENABLE_OBJC_WEAK = YES;
				CLANG_WARN_BLOCK_CAPTURE_AUTORELEASING = YES;
				CLANG_WARN_BOOL_CONVERSION = YES;
				CLANG_WARN_COMMA = YES;
				CLANG_WARN_CONSTANT_CONVERSION = YES;
				CLANG_WARN_DEPRECATED_OBJC_IMPLEMENTATIONS = YES;
				CLANG_WARN_DIRECT_OBJC_ISA_USAGE = YES_ERROR;
				CLANG_WARN_DOCUMENTATION_COMMENTS = YES;
				CLANG_WARN_EMPTY_BODY = YES;
				CLANG_WARN_ENUM_CONVERSION = YES;
				CLANG_WARN_INFINITE_RECURSION = YES;
				CLANG_WARN_INT_CONVERSION = YES;
				CLANG_WARN_NON_LITERAL_NULL_CONVERSION = YES;
				CLANG_WARN_OBJC_IMPLICIT_RETAIN_SELF = YES;
				CLANG_WARN_OBJC_LITERAL_CONVERSION = YES;
				CLANG_WARN_OBJC_ROOT_CLASS = YES_ERROR;
				CLANG_WARN_RANGE_LOOP_ANALYSIS = YES;
				CLANG_WARN_STRICT_PROTOTYPES = YES;
				CLANG_WARN_SUSPICIOUS_MOVE = YES;
				CLANG_WARN_UNGUARDED_AVAILABILITY = YES_AGGRESSIVE;
				CLANG_WARN_UNREACHABLE_CODE = YES;
				CLANG_WARN__DUPLICATE_METHOD_MATCH = YES;
				COPY_PHASE_STRIP = NO;
				DEBUG_INFORMATION_FORMAT = dwarf;
				ENABLE_STRICT_OBJC_MSGSEND = YES;
				ENABLE_TESTABILITY = YES;
				GCC_C_LANGUAGE_STANDARD = gnu11;
				GCC_DYNAMIC_NO_PIC = NO;
				GCC_NO_COMMON_BLOCKS = YES;
				GCC_OPTIMIZATION_LEVEL = 0;
				GCC_PREPROCESSOR_DEFINITIONS = (
					__IOS__,
					GLES_SILENCE_DEPRECATION,
				);
				GCC_WARN_64_TO_32_BIT_CONVERSION = YES;
				GCC_WARN_ABOUT_RETURN_TYPE = YES_ERROR;
				GCC_WARN_UNDECLARED_SELECTOR = YES;
				GCC_WARN_UNINITIALIZED_AUTOS = YES_AGGRESSIVE;
				GCC_WARN_UNUSED_FUNCTION = YES;
				GCC_WARN_UNUSED_VARIABLE = YES;
				IPHONEOS_DEPLOYMENT_TARGET = 13.1;
				MTL_ENABLE_DEBUG_INFO = INCLUDE_SOURCE;
				MTL_FAST_MATH = YES;
				ONLY_ACTIVE_ARCH = YES;
				SDKROOT = iphoneos;
			};
			name = Debug;
		};
		D64E1729241A837C000C5ECF /* Release */ = {
			isa = XCBuildConfiguration;
			buildSettings = {
				ALWAYS_SEARCH_USER_PATHS = NO;
				CLANG_ANALYZER_NONNULL = YES;
				CLANG_ANALYZER_NUMBER_OBJECT_CONVERSION = YES_AGGRESSIVE;
				CLANG_CXX_LANGUAGE_STANDARD = "gnu++14";
				CLANG_CXX_LIBRARY = "libc++";
				CLANG_ENABLE_MODULES = YES;
				CLANG_ENABLE_OBJC_ARC = YES;
				CLANG_ENABLE_OBJC_WEAK = YES;
				CLANG_WARN_BLOCK_CAPTURE_AUTORELEASING = YES;
				CLANG_WARN_BOOL_CONVERSION = YES;
				CLANG_WARN_COMMA = YES;
				CLANG_WARN_CONSTANT_CONVERSION = YES;
				CLANG_WARN_DEPRECATED_OBJC_IMPLEMENTATIONS = YES;
				CLANG_WARN_DIRECT_OBJC_ISA_USAGE = YES_ERROR;
				CLANG_WARN_DOCUMENTATION_COMMENTS = YES;
				CLANG_WARN_EMPTY_BODY = YES;
				CLANG_WARN_ENUM_CONVERSION = YES;
				CLANG_WARN_INFINITE_RECURSION = YES;
				CLANG_WARN_INT_CONVERSION = YES;
				CLANG_WARN_NON_LITERAL_NULL_CONVERSION = YES;
				CLANG_WARN_OBJC_IMPLICIT_RETAIN_SELF = YES;
				CLANG_WARN_OBJC_LITERAL_CONVERSION = YES;
				CLANG_WARN_OBJC_ROOT_CLASS = YES_ERROR;
				CLANG_WARN_RANGE_LOOP_ANALYSIS = YES;
				CLANG_WARN_STRICT_PROTOTYPES = YES;
				CLANG_WARN_SUSPICIOUS_MOVE = YES;
				CLANG_WARN_UNGUARDED_AVAILABILITY = YES_AGGRESSIVE;
				CLANG_WARN_UNREACHABLE_CODE = YES;
				CLANG_WARN__DUPLICATE_METHOD_MATCH = YES;
				COPY_PHASE_STRIP = NO;
				DEBUG_INFORMATION_FORMAT = "dwarf-with-dsym";
				ENABLE_NS_ASSERTIONS = NO;
				ENABLE_STRICT_OBJC_MSGSEND = YES;
				GCC_C_LANGUAGE_STANDARD = gnu11;
				GCC_NO_COMMON_BLOCKS = YES;
				GCC_PREPROCESSOR_DEFINITIONS = (
					__IOS__,
					GLES_SILENCE_DEPRECATION,
				);
				GCC_WARN_64_TO_32_BIT_CONVERSION = YES;
				GCC_WARN_ABOUT_RETURN_TYPE = YES_ERROR;
				GCC_WARN_UNDECLARED_SELECTOR = YES;
				GCC_WARN_UNINITIALIZED_AUTOS = YES_AGGRESSIVE;
				GCC_WARN_UNUSED_FUNCTION = YES;
				GCC_WARN_UNUSED_VARIABLE = YES;
				IPHONEOS_DEPLOYMENT_TARGET = 13.1;
				MTL_ENABLE_DEBUG_INFO = NO;
				MTL_FAST_MATH = YES;
				SDKROOT = iphoneos;
				VALIDATE_PRODUCT = YES;
			};
			name = Release;
		};
		D64E172B241A837C000C5ECF /* Debug */ = {
			isa = XCBuildConfiguration;
			buildSettings = {
				ASSETCATALOG_COMPILER_APPICON_NAME = AppIcon;
				CODE_SIGN_STYLE = Automatic;
				DEVELOPMENT_TEAM = 9U43KQLKUS;
				INFOPLIST_FILE = ThreeDimentionalCube/Info.plist;
				LD_RUNPATH_SEARCH_PATHS = (
					"$(inherited)",
					"@executable_path/Frameworks",
				);
				OTHER_CFLAGS = (
					"-x",
					"objective-c",
				);
				"OTHER_CFLAGS[arch=*]" = "";
				OTHER_CPLUSPLUSFLAGS = (
					"$(OTHER_CFLAGS)",
					"-x",
					"objective-c++",
				);
				PRODUCT_BUNDLE_IDENTIFIER = mohammad.fakhreddin.ThreeDimentionalCube;
				PRODUCT_NAME = "$(TARGET_NAME)";
				TARGETED_DEVICE_FAMILY = "1,2";
			};
			name = Debug;
		};
		D64E172C241A837C000C5ECF /* Release */ = {
			isa = XCBuildConfiguration;
			buildSettings = {
				ASSETCATALOG_COMPILER_APPICON_NAME = AppIcon;
				CODE_SIGN_STYLE = Automatic;
				DEVELOPMENT_TEAM = 9U43KQLKUS;
				INFOPLIST_FILE = ThreeDimentionalCube/Info.plist;
				LD_RUNPATH_SEARCH_PATHS = (
					"$(inherited)",
					"@executable_path/Frameworks",
				);
				OTHER_CFLAGS = (
					"-x",
					"objective-c",
				);
				OTHER_CPLUSPLUSFLAGS = (
					"$(OTHER_CFLAGS)",
					"-x",
					"objective-c++",
				);
				PRODUCT_BUNDLE_IDENTIFIER = mohammad.fakhreddin.ThreeDimentionalCube;
				PRODUCT_NAME = "$(TARGET_NAME)";
				TARGETED_DEVICE_FAMILY = "1,2";
			};
			name = Release;
		};
/* End XCBuildConfiguration section */

/* Begin XCConfigurationList section */
		D64E170C241A837A000C5ECF /* Build configuration list for PBXProject "ThreeDimentionalCube" */ = {
			isa = XCConfigurationList;
			buildConfigurations = (
				D64E1728241A837C000C5ECF /* Debug */,
				D64E1729241A837C000C5ECF /* Release */,
			);
			defaultConfigurationIsVisible = 0;
			defaultConfigurationName = Release;
		};
		D64E172A241A837C000C5ECF /* Build configuration list for PBXNativeTarget "ThreeDimentionalCube" */ = {
			isa = XCConfigurationList;
			buildConfigurations = (
				D64E172B241A837C000C5ECF /* Debug */,
				D64E172C241A837C000C5ECF /* Release */,
			);
			defaultConfigurationIsVisible = 0;
			defaultConfigurationName = Release;
		};
/* End XCConfigurationList section */
	};
	rootObject = D64E1709241A837A000C5ECF /* Project object */;
}
