// !$*UTF8*$!
{
	archiveVersion = 1;
	classes = {
	};
	objectVersion = 50;
	objects = {

/* Begin PBXBuildFile section */
		D64E1716241A837A000C5ECF /* AppDelegate.mm in Sources */ = {isa = PBXBuildFile; fileRef = D64E1715241A837A000C5ECF /* AppDelegate.mm */; };
		D64E1719241A837A000C5ECF /* SceneDelegate.mm in Sources */ = {isa = PBXBuildFile; fileRef = D64E1718241A837A000C5ECF /* SceneDelegate.mm */; };
		D64E171C241A837A000C5ECF /* ViewController.mm in Sources */ = {isa = PBXBuildFile; fileRef = D64E171B241A837A000C5ECF /* ViewController.mm */; };
		D64E171F241A837A000C5ECF /* Main.storyboard in Resources */ = {isa = PBXBuildFile; fileRef = D64E171D241A837A000C5ECF /* Main.storyboard */; };
		D64E1721241A837C000C5ECF /* Assets.xcassets in Resources */ = {isa = PBXBuildFile; fileRef = D64E1720241A837C000C5ECF /* Assets.xcassets */; };
		D64E1724241A837C000C5ECF /* LaunchScreen.storyboard in Resources */ = {isa = PBXBuildFile; fileRef = D64E1722241A837C000C5ECF /* LaunchScreen.storyboard */; };
		D64E1727241A837C000C5ECF /* main.mm in Sources */ = {isa = PBXBuildFile; fileRef = D64E1726241A837C000C5ECF /* main.mm */; };
		D68678C0241E5D180088C933 /* QuartzCore.framework in Frameworks */ = {isa = PBXBuildFile; fileRef = D68678BF241E5D180088C933 /* QuartzCore.framework */; };
		D6BFF6BC241AE52B00A2A40A /* OpenGLES.framework in Frameworks */ = {isa = PBXBuildFile; fileRef = D6BFF6BA241AE52600A2A40A /* OpenGLES.framework */; };
		D6BFF6C2241AE58400A2A40A /* GLKit.framework in Frameworks */ = {isa = PBXBuildFile; fileRef = D6BFF6C1241AE58400A2A40A /* GLKit.framework */; };
		D6BFF6C3241AE59B00A2A40A /* UIKit.framework in Frameworks */ = {isa = PBXBuildFile; fileRef = D6BFF6BF241AE55400A2A40A /* UIKit.framework */; };
		D6F2799D241BA69C008F4200 /* IPhoneHelper.mm in Sources */ = {isa = PBXBuildFile; fileRef = D6F2799C241BA69C008F4200 /* IPhoneHelper.mm */; };
		D6F279A0241BD34C008F4200 /* CoreGraphics.framework in Frameworks */ = {isa = PBXBuildFile; fileRef = D6F2799F241BD34B008F4200 /* CoreGraphics.framework */; };
		D6F279A3241BE29B008F4200 /* IPhoneHelperAbstraction.cpp in Sources */ = {isa = PBXBuildFile; fileRef = D6F279A2241BE29B008F4200 /* IPhoneHelperAbstraction.cpp */; };
		D6F279A5241BF88F008F4200 /* assets.xcassets in Resources */ = {isa = PBXBuildFile; fileRef = D6F279A4241BF88F008F4200 /* assets.xcassets */; };
		D6FEE6DD244224550091BAAB /* SphereScene.cpp in Sources */ = {isa = PBXBuildFile; fileRef = D6FEE675244224550091BAAB /* SphereScene.cpp */; };
		D6FEE6DE244224550091BAAB /* RobotScene.cpp in Sources */ = {isa = PBXBuildFile; fileRef = D6FEE678244224550091BAAB /* RobotScene.cpp */; };
		D6FEE6DF244224550091BAAB /* BaseScene.cpp in Sources */ = {isa = PBXBuildFile; fileRef = D6FEE67C244224550091BAAB /* BaseScene.cpp */; };
		D6FEE6E0244224550091BAAB /* PlantScene.cpp in Sources */ = {isa = PBXBuildFile; fileRef = D6FEE67E244224550091BAAB /* PlantScene.cpp */; };
		D6FEE6E1244224550091BAAB /* TexturedCubeScene.cpp in Sources */ = {isa = PBXBuildFile; fileRef = D6FEE681244224550091BAAB /* TexturedCubeScene.cpp */; };
		D6FEE6E2244224550091BAAB /* ColoredCubeScene.cpp in Sources */ = {isa = PBXBuildFile; fileRef = D6FEE685244224550091BAAB /* ColoredCubeScene.cpp */; };
		D6FEE6E3244224550091BAAB /* BunnyScene.cpp in Sources */ = {isa = PBXBuildFile; fileRef = D6FEE687244224550091BAAB /* BunnyScene.cpp */; };
		D6FEE6E4244224550091BAAB /* MonkeyScene.cpp in Sources */ = {isa = PBXBuildFile; fileRef = D6FEE68B244224550091BAAB /* MonkeyScene.cpp */; };
		D6FEE6E5244224550091BAAB /* EventHandler.cpp in Sources */ = {isa = PBXBuildFile; fileRef = D6FEE68E244224550091BAAB /* EventHandler.cpp */; };
		D6FEE6E6244224550091BAAB /* Camera.cpp in Sources */ = {isa = PBXBuildFile; fileRef = D6FEE690244224550091BAAB /* Camera.cpp */; };
		D6FEE6E7244224550091BAAB /* Surface.cpp in Sources */ = {isa = PBXBuildFile; fileRef = D6FEE696244224550091BAAB /* Surface.cpp */; };
		D6FEE6E8244224550091BAAB /* ThreadPool.cpp in Sources */ = {isa = PBXBuildFile; fileRef = D6FEE69A244224550091BAAB /* ThreadPool.cpp */; };
		D6FEE6E9244224550091BAAB /* Shape3d.cpp in Sources */ = {isa = PBXBuildFile; fileRef = D6FEE6A4244224550091BAAB /* Shape3d.cpp */; };
		D6FEE6EA244224550091BAAB /* OpenGl.cpp in Sources */ = {isa = PBXBuildFile; fileRef = D6FEE6B0244224550091BAAB /* OpenGl.cpp */; };
		D6FEE6EB244224550091BAAB /* AmbientLight.cpp in Sources */ = {isa = PBXBuildFile; fileRef = D6FEE6B3244224550091BAAB /* AmbientLight.cpp */; };
		D6FEE6EC244224550091BAAB /* PointLight.cpp in Sources */ = {isa = PBXBuildFile; fileRef = D6FEE6B7244224550091BAAB /* PointLight.cpp */; };
		D6FEE6ED244224550091BAAB /* DirectionalLight.cpp in Sources */ = {isa = PBXBuildFile; fileRef = D6FEE6B9244224550091BAAB /* DirectionalLight.cpp */; };
		D6FEE6EE244224550091BAAB /* Light.cpp in Sources */ = {isa = PBXBuildFile; fileRef = D6FEE6BD244224550091BAAB /* Light.cpp */; };
		D6FEE6EF244224550091BAAB /* ColorTexture.cpp in Sources */ = {isa = PBXBuildFile; fileRef = D6FEE6C0244224550091BAAB /* ColorTexture.cpp */; };
		D6FEE6F0244224550091BAAB /* ImageTexture.cpp in Sources */ = {isa = PBXBuildFile; fileRef = D6FEE6C4244224550091BAAB /* ImageTexture.cpp */; };
		D6FEE6F1244224550091BAAB /* Texture.cpp in Sources */ = {isa = PBXBuildFile; fileRef = D6FEE6C5244224550091BAAB /* Texture.cpp */; };
		D6FEE6F2244224550091BAAB /* DataAccessPoint.cpp in Sources */ = {isa = PBXBuildFile; fileRef = D6FEE6C9244224550091BAAB /* DataAccessPoint.cpp */; };
		D6FEE6F3244224550091BAAB /* Application.cpp in Sources */ = {isa = PBXBuildFile; fileRef = D6FEE6CC244224550091BAAB /* Application.cpp */; };
		D6FEE6F4244224550091BAAB /* house.obj in Resources */ = {isa = PBXBuildFile; fileRef = D6FEE6CE244224550091BAAB /* house.obj */; };
		D6FEE6F5244224550091BAAB /* low_poly_buildings.obj in Resources */ = {isa = PBXBuildFile; fileRef = D6FEE6CF244224550091BAAB /* low_poly_buildings.obj */; };
		D6FEE6F6244224550091BAAB /* bunny.obj in Resources */ = {isa = PBXBuildFile; fileRef = D6FEE6D0244224550091BAAB /* bunny.obj */; };
		D6FEE6F7244224550091BAAB /* paper_texture.jpg in Resources */ = {isa = PBXBuildFile; fileRef = D6FEE6D1244224550091BAAB /* paper_texture.jpg */; };
		D6FEE6F8244224550091BAAB /* wood.png in Resources */ = {isa = PBXBuildFile; fileRef = D6FEE6D2244224550091BAAB /* wood.png */; };
		D6FEE6F9244224550091BAAB /* plant.obj in Resources */ = {isa = PBXBuildFile; fileRef = D6FEE6D3244224550091BAAB /* plant.obj */; };
		D6FEE6FA244224550091BAAB /* dice_texture.png in Resources */ = {isa = PBXBuildFile; fileRef = D6FEE6D4244224550091BAAB /* dice_texture.png */; };
		D6FEE6FB244224550091BAAB /* sky.png in Resources */ = {isa = PBXBuildFile; fileRef = D6FEE6D5244224550091BAAB /* sky.png */; };
		D6FEE6FC244224550091BAAB /* monkey.obj in Resources */ = {isa = PBXBuildFile; fileRef = D6FEE6D6244224550091BAAB /* monkey.obj */; };
		D6FEE6FD244224550091BAAB /* handgun.obj in Resources */ = {isa = PBXBuildFile; fileRef = D6FEE6D7244224550091BAAB /* handgun.obj */; };
		D6FEE6FE244224550091BAAB /* broken_cube_texture.png in Resources */ = {isa = PBXBuildFile; fileRef = D6FEE6D8244224550091BAAB /* broken_cube_texture.png */; };
		D6FEE6FF244224550091BAAB /* robot.obj in Resources */ = {isa = PBXBuildFile; fileRef = D6FEE6D9244224550091BAAB /* robot.obj */; };
		D6FEE700244224550091BAAB /* car.obj in Resources */ = {isa = PBXBuildFile; fileRef = D6FEE6DA244224550091BAAB /* car.obj */; };
		D6FEE701244224550091BAAB /* watch_tower.obj in Resources */ = {isa = PBXBuildFile; fileRef = D6FEE6DB244224550091BAAB /* watch_tower.obj */; };
		D6FEE702244224550091BAAB /* cat.obj in Resources */ = {isa = PBXBuildFile; fileRef = D6FEE6DC244224550091BAAB /* cat.obj */; };
/* End PBXBuildFile section */

/* Begin PBXFileReference section */
		D64E1711241A837A000C5ECF /* ThreeDimentionalCube.app */ = {isa = PBXFileReference; explicitFileType = wrapper.application; includeInIndex = 0; path = ThreeDimentionalCube.app; sourceTree = BUILT_PRODUCTS_DIR; };
		D64E1714241A837A000C5ECF /* AppDelegate.h */ = {isa = PBXFileReference; lastKnownFileType = sourcecode.c.h; path = AppDelegate.h; sourceTree = "<group>"; };
		D64E1715241A837A000C5ECF /* AppDelegate.mm */ = {isa = PBXFileReference; lastKnownFileType = sourcecode.cpp.objcpp; path = AppDelegate.mm; sourceTree = "<group>"; };
		D64E1717241A837A000C5ECF /* SceneDelegate.h */ = {isa = PBXFileReference; lastKnownFileType = sourcecode.c.h; path = SceneDelegate.h; sourceTree = "<group>"; };
		D64E1718241A837A000C5ECF /* SceneDelegate.mm */ = {isa = PBXFileReference; lastKnownFileType = sourcecode.cpp.objcpp; path = SceneDelegate.mm; sourceTree = "<group>"; };
		D64E171A241A837A000C5ECF /* ViewController.h */ = {isa = PBXFileReference; lastKnownFileType = sourcecode.c.h; path = ViewController.h; sourceTree = "<group>"; };
		D64E171B241A837A000C5ECF /* ViewController.mm */ = {isa = PBXFileReference; lastKnownFileType = sourcecode.cpp.objcpp; path = ViewController.mm; sourceTree = "<group>"; };
		D64E171E241A837A000C5ECF /* Base */ = {isa = PBXFileReference; lastKnownFileType = file.storyboard; name = Base; path = Base.lproj/Main.storyboard; sourceTree = "<group>"; };
		D64E1720241A837C000C5ECF /* Assets.xcassets */ = {isa = PBXFileReference; lastKnownFileType = folder.assetcatalog; path = Assets.xcassets; sourceTree = "<group>"; };
		D64E1723241A837C000C5ECF /* Base */ = {isa = PBXFileReference; lastKnownFileType = file.storyboard; name = Base; path = Base.lproj/LaunchScreen.storyboard; sourceTree = "<group>"; };
		D64E1725241A837C000C5ECF /* Info.plist */ = {isa = PBXFileReference; lastKnownFileType = text.plist.xml; path = Info.plist; sourceTree = "<group>"; };
		D64E1726241A837C000C5ECF /* main.mm */ = {isa = PBXFileReference; lastKnownFileType = sourcecode.cpp.objcpp; path = main.mm; sourceTree = "<group>"; };
		D68678BF241E5D180088C933 /* QuartzCore.framework */ = {isa = PBXFileReference; lastKnownFileType = wrapper.framework; name = QuartzCore.framework; path = System/Library/Frameworks/QuartzCore.framework; sourceTree = SDKROOT; };
		D6BFF6BA241AE52600A2A40A /* OpenGLES.framework */ = {isa = PBXFileReference; lastKnownFileType = wrapper.framework; name = OpenGLES.framework; path = System/Library/Frameworks/OpenGLES.framework; sourceTree = SDKROOT; };
		D6BFF6BF241AE55400A2A40A /* UIKit.framework */ = {isa = PBXFileReference; lastKnownFileType = wrapper.framework; name = UIKit.framework; path = System/Library/Frameworks/UIKit.framework; sourceTree = SDKROOT; };
		D6BFF6C1241AE58400A2A40A /* GLKit.framework */ = {isa = PBXFileReference; lastKnownFileType = wrapper.framework; name = GLKit.framework; path = System/Library/Frameworks/GLKit.framework; sourceTree = SDKROOT; };
		D6F2799B241BA645008F4200 /* IPhoneHelper.h */ = {isa = PBXFileReference; lastKnownFileType = sourcecode.c.h; path = IPhoneHelper.h; sourceTree = "<group>"; };
		D6F2799C241BA69C008F4200 /* IPhoneHelper.mm */ = {isa = PBXFileReference; lastKnownFileType = sourcecode.cpp.objcpp; path = IPhoneHelper.mm; sourceTree = "<group>"; };
		D6F2799E241BA7A6008F4200 /* IPhoneHelper-C-Interface.h */ = {isa = PBXFileReference; lastKnownFileType = sourcecode.c.h; path = "IPhoneHelper-C-Interface.h"; sourceTree = "<group>"; };
		D6F2799F241BD34B008F4200 /* CoreGraphics.framework */ = {isa = PBXFileReference; lastKnownFileType = wrapper.framework; name = CoreGraphics.framework; path = System/Library/Frameworks/CoreGraphics.framework; sourceTree = SDKROOT; };
		D6F279A1241BE29A008F4200 /* IPhoneHelperAbstraction.h */ = {isa = PBXFileReference; fileEncoding = 4; lastKnownFileType = sourcecode.c.h; path = IPhoneHelperAbstraction.h; sourceTree = "<group>"; };
		D6F279A2241BE29B008F4200 /* IPhoneHelperAbstraction.cpp */ = {isa = PBXFileReference; fileEncoding = 4; lastKnownFileType = sourcecode.cpp.cpp; path = IPhoneHelperAbstraction.cpp; sourceTree = "<group>"; };
		D6F279A4241BF88F008F4200 /* assets.xcassets */ = {isa = PBXFileReference; lastKnownFileType = folder.assetcatalog; path = assets.xcassets; sourceTree = "<group>"; };
		D6FEE66C244224550091BAAB /* DiceCube.h */ = {isa = PBXFileReference; fileEncoding = 4; lastKnownFileType = sourcecode.c.h; path = DiceCube.h; sourceTree = "<group>"; };
		D6FEE66D244224550091BAAB /* ShapeGenerator.h */ = {isa = PBXFileReference; fileEncoding = 4; lastKnownFileType = sourcecode.c.h; path = ShapeGenerator.h; sourceTree = "<group>"; };
		D6FEE66E244224550091BAAB /* ColoredCube.h */ = {isa = PBXFileReference; fileEncoding = 4; lastKnownFileType = sourcecode.c.h; path = ColoredCube.h; sourceTree = "<group>"; };
		D6FEE670244224550091BAAB /* VectorTemplate.h */ = {isa = PBXFileReference; fileEncoding = 4; lastKnownFileType = sourcecode.c.h; path = VectorTemplate.h; sourceTree = "<group>"; };
		D6FEE671244224550091BAAB /* FaObject.h */ = {isa = PBXFileReference; fileEncoding = 4; lastKnownFileType = sourcecode.c.h; path = FaObject.h; sourceTree = "<group>"; };
		D6FEE672244224550091BAAB /* MatrixTemplate.h */ = {isa = PBXFileReference; fileEncoding = 4; lastKnownFileType = sourcecode.c.h; path = MatrixTemplate.h; sourceTree = "<group>"; };
		D6FEE675244224550091BAAB /* SphereScene.cpp */ = {isa = PBXFileReference; fileEncoding = 4; lastKnownFileType = sourcecode.cpp.cpp; path = SphereScene.cpp; sourceTree = "<group>"; };
		D6FEE676244224550091BAAB /* SphereScene.h */ = {isa = PBXFileReference; fileEncoding = 4; lastKnownFileType = sourcecode.c.h; path = SphereScene.h; sourceTree = "<group>"; };
		D6FEE678244224550091BAAB /* RobotScene.cpp */ = {isa = PBXFileReference; fileEncoding = 4; lastKnownFileType = sourcecode.cpp.cpp; path = RobotScene.cpp; sourceTree = "<group>"; };
		D6FEE679244224550091BAAB /* RobotScene.h */ = {isa = PBXFileReference; fileEncoding = 4; lastKnownFileType = sourcecode.c.h; path = RobotScene.h; sourceTree = "<group>"; };
		D6FEE67B244224550091BAAB /* BaseScene.h */ = {isa = PBXFileReference; fileEncoding = 4; lastKnownFileType = sourcecode.c.h; path = BaseScene.h; sourceTree = "<group>"; };
		D6FEE67C244224550091BAAB /* BaseScene.cpp */ = {isa = PBXFileReference; fileEncoding = 4; lastKnownFileType = sourcecode.cpp.cpp; path = BaseScene.cpp; sourceTree = "<group>"; };
		D6FEE67E244224550091BAAB /* PlantScene.cpp */ = {isa = PBXFileReference; fileEncoding = 4; lastKnownFileType = sourcecode.cpp.cpp; path = PlantScene.cpp; sourceTree = "<group>"; };
		D6FEE67F244224550091BAAB /* PlantScene.h */ = {isa = PBXFileReference; fileEncoding = 4; lastKnownFileType = sourcecode.c.h; path = PlantScene.h; sourceTree = "<group>"; };
		D6FEE681244224550091BAAB /* TexturedCubeScene.cpp */ = {isa = PBXFileReference; fileEncoding = 4; lastKnownFileType = sourcecode.cpp.cpp; path = TexturedCubeScene.cpp; sourceTree = "<group>"; };
		D6FEE682244224550091BAAB /* TexturedCubeScene.h */ = {isa = PBXFileReference; fileEncoding = 4; lastKnownFileType = sourcecode.c.h; path = TexturedCubeScene.h; sourceTree = "<group>"; };
		D6FEE684244224550091BAAB /* ColoredCubeScene.h */ = {isa = PBXFileReference; fileEncoding = 4; lastKnownFileType = sourcecode.c.h; path = ColoredCubeScene.h; sourceTree = "<group>"; };
		D6FEE685244224550091BAAB /* ColoredCubeScene.cpp */ = {isa = PBXFileReference; fileEncoding = 4; lastKnownFileType = sourcecode.cpp.cpp; path = ColoredCubeScene.cpp; sourceTree = "<group>"; };
		D6FEE687244224550091BAAB /* BunnyScene.cpp */ = {isa = PBXFileReference; fileEncoding = 4; lastKnownFileType = sourcecode.cpp.cpp; path = BunnyScene.cpp; sourceTree = "<group>"; };
		D6FEE688244224550091BAAB /* BunnyScene.h */ = {isa = PBXFileReference; fileEncoding = 4; lastKnownFileType = sourcecode.c.h; path = BunnyScene.h; sourceTree = "<group>"; };
		D6FEE68A244224550091BAAB /* MonkeyScene.h */ = {isa = PBXFileReference; fileEncoding = 4; lastKnownFileType = sourcecode.c.h; path = MonkeyScene.h; sourceTree = "<group>"; };
		D6FEE68B244224550091BAAB /* MonkeyScene.cpp */ = {isa = PBXFileReference; fileEncoding = 4; lastKnownFileType = sourcecode.cpp.cpp; path = MonkeyScene.cpp; sourceTree = "<group>"; };
		D6FEE68D244224550091BAAB /* EventHandler.h */ = {isa = PBXFileReference; fileEncoding = 4; lastKnownFileType = sourcecode.c.h; path = EventHandler.h; sourceTree = "<group>"; };
		D6FEE68E244224550091BAAB /* EventHandler.cpp */ = {isa = PBXFileReference; fileEncoding = 4; lastKnownFileType = sourcecode.cpp.cpp; path = EventHandler.cpp; sourceTree = "<group>"; };
		D6FEE690244224550091BAAB /* Camera.cpp */ = {isa = PBXFileReference; fileEncoding = 4; lastKnownFileType = sourcecode.cpp.cpp; path = Camera.cpp; sourceTree = "<group>"; };
		D6FEE691244224550091BAAB /* Camera.h */ = {isa = PBXFileReference; fileEncoding = 4; lastKnownFileType = sourcecode.c.h; path = Camera.h; sourceTree = "<group>"; };
		D6FEE693244224550091BAAB /* FileSystem.h */ = {isa = PBXFileReference; fileEncoding = 4; lastKnownFileType = sourcecode.c.h; path = FileSystem.h; sourceTree = "<group>"; };
		D6FEE695244224550091BAAB /* Surface.h */ = {isa = PBXFileReference; fileEncoding = 4; lastKnownFileType = sourcecode.c.h; path = Surface.h; sourceTree = "<group>"; };
		D6FEE696244224550091BAAB /* Surface.cpp */ = {isa = PBXFileReference; fileEncoding = 4; lastKnownFileType = sourcecode.cpp.cpp; path = Surface.cpp; sourceTree = "<group>"; };
		D6FEE699244224550091BAAB /* ThreadPool.h */ = {isa = PBXFileReference; fileEncoding = 4; lastKnownFileType = sourcecode.c.h; path = ThreadPool.h; sourceTree = "<group>"; };
		D6FEE69A244224550091BAAB /* ThreadPool.cpp */ = {isa = PBXFileReference; fileEncoding = 4; lastKnownFileType = sourcecode.cpp.cpp; path = ThreadPool.cpp; sourceTree = "<group>"; };
		D6FEE69C244224550091BAAB /* Operators.h */ = {isa = PBXFileReference; fileEncoding = 4; lastKnownFileType = sourcecode.c.h; path = Operators.h; sourceTree = "<group>"; };
		D6FEE69E244224550091BAAB /* Path.h */ = {isa = PBXFileReference; fileEncoding = 4; lastKnownFileType = sourcecode.c.h; path = Path.h; sourceTree = "<group>"; };
		D6FEE6A0244224550091BAAB /* Math.h */ = {isa = PBXFileReference; fileEncoding = 4; lastKnownFileType = sourcecode.c.h; path = Math.h; sourceTree = "<group>"; };
		D6FEE6A2244224550091BAAB /* Logger.h */ = {isa = PBXFileReference; fileEncoding = 4; lastKnownFileType = sourcecode.c.h; path = Logger.h; sourceTree = "<group>"; };
		D6FEE6A4244224550091BAAB /* Shape3d.cpp */ = {isa = PBXFileReference; fileEncoding = 4; lastKnownFileType = sourcecode.cpp.cpp; path = Shape3d.cpp; sourceTree = "<group>"; };
		D6FEE6A5244224550091BAAB /* Shape3d.h */ = {isa = PBXFileReference; fileEncoding = 4; lastKnownFileType = sourcecode.c.h; path = Shape3d.h; sourceTree = "<group>"; };
		D6FEE6A8244224550091BAAB /* tiny_obj_loader.h */ = {isa = PBXFileReference; fileEncoding = 4; lastKnownFileType = sourcecode.c.h; path = tiny_obj_loader.h; sourceTree = "<group>"; };
		D6FEE6AA244224550091BAAB /* Miniball.h */ = {isa = PBXFileReference; fileEncoding = 4; lastKnownFileType = sourcecode.c.h; path = Miniball.h; sourceTree = "<group>"; };
		D6FEE6AC244224550091BAAB /* open_gl_stb_image.h */ = {isa = PBXFileReference; fileEncoding = 4; lastKnownFileType = sourcecode.c.h; path = open_gl_stb_image.h; sourceTree = "<group>"; };
		D6FEE6AD244224550091BAAB /* Constants.h */ = {isa = PBXFileReference; fileEncoding = 4; lastKnownFileType = sourcecode.c.h; path = Constants.h; sourceTree = "<group>"; };
		D6FEE6AF244224550091BAAB /* OpenGl.h */ = {isa = PBXFileReference; fileEncoding = 4; lastKnownFileType = sourcecode.c.h; path = OpenGl.h; sourceTree = "<group>"; };
		D6FEE6B0244224550091BAAB /* OpenGl.cpp */ = {isa = PBXFileReference; fileEncoding = 4; lastKnownFileType = sourcecode.cpp.cpp; path = OpenGl.cpp; sourceTree = "<group>"; };
		D6FEE6B3244224550091BAAB /* AmbientLight.cpp */ = {isa = PBXFileReference; fileEncoding = 4; lastKnownFileType = sourcecode.cpp.cpp; path = AmbientLight.cpp; sourceTree = "<group>"; };
		D6FEE6B4244224550091BAAB /* AmbientLight.h */ = {isa = PBXFileReference; fileEncoding = 4; lastKnownFileType = sourcecode.c.h; path = AmbientLight.h; sourceTree = "<group>"; };
		D6FEE6B6244224550091BAAB /* PointLight.h */ = {isa = PBXFileReference; fileEncoding = 4; lastKnownFileType = sourcecode.c.h; path = PointLight.h; sourceTree = "<group>"; };
		D6FEE6B7244224550091BAAB /* PointLight.cpp */ = {isa = PBXFileReference; fileEncoding = 4; lastKnownFileType = sourcecode.cpp.cpp; path = PointLight.cpp; sourceTree = "<group>"; };
		D6FEE6B9244224550091BAAB /* DirectionalLight.cpp */ = {isa = PBXFileReference; fileEncoding = 4; lastKnownFileType = sourcecode.cpp.cpp; path = DirectionalLight.cpp; sourceTree = "<group>"; };
		D6FEE6BA244224550091BAAB /* DirectionalLight.h */ = {isa = PBXFileReference; fileEncoding = 4; lastKnownFileType = sourcecode.c.h; path = DirectionalLight.h; sourceTree = "<group>"; };
		D6FEE6BC244224550091BAAB /* Light.h */ = {isa = PBXFileReference; fileEncoding = 4; lastKnownFileType = sourcecode.c.h; path = Light.h; sourceTree = "<group>"; };
		D6FEE6BD244224550091BAAB /* Light.cpp */ = {isa = PBXFileReference; fileEncoding = 4; lastKnownFileType = sourcecode.cpp.cpp; path = Light.cpp; sourceTree = "<group>"; };
		D6FEE6C0244224550091BAAB /* ColorTexture.cpp */ = {isa = PBXFileReference; fileEncoding = 4; lastKnownFileType = sourcecode.cpp.cpp; path = ColorTexture.cpp; sourceTree = "<group>"; };
		D6FEE6C1244224550091BAAB /* ColorTexture.h */ = {isa = PBXFileReference; fileEncoding = 4; lastKnownFileType = sourcecode.c.h; path = ColorTexture.h; sourceTree = "<group>"; };
		D6FEE6C3244224550091BAAB /* ImageTexture.h */ = {isa = PBXFileReference; fileEncoding = 4; lastKnownFileType = sourcecode.c.h; path = ImageTexture.h; sourceTree = "<group>"; };
		D6FEE6C4244224550091BAAB /* ImageTexture.cpp */ = {isa = PBXFileReference; fileEncoding = 4; lastKnownFileType = sourcecode.cpp.cpp; path = ImageTexture.cpp; sourceTree = "<group>"; };
		D6FEE6C5244224550091BAAB /* Texture.cpp */ = {isa = PBXFileReference; fileEncoding = 4; lastKnownFileType = sourcecode.cpp.cpp; path = Texture.cpp; sourceTree = "<group>"; };
		D6FEE6C6244224550091BAAB /* Texture.h */ = {isa = PBXFileReference; fileEncoding = 4; lastKnownFileType = sourcecode.c.h; path = Texture.h; sourceTree = "<group>"; };
		D6FEE6C8244224550091BAAB /* DataAccessPoint.h */ = {isa = PBXFileReference; fileEncoding = 4; lastKnownFileType = sourcecode.c.h; path = DataAccessPoint.h; sourceTree = "<group>"; };
		D6FEE6C9244224550091BAAB /* DataAccessPoint.cpp */ = {isa = PBXFileReference; fileEncoding = 4; lastKnownFileType = sourcecode.cpp.cpp; path = DataAccessPoint.cpp; sourceTree = "<group>"; };
		D6FEE6CB244224550091BAAB /* Application.h */ = {isa = PBXFileReference; fileEncoding = 4; lastKnownFileType = sourcecode.c.h; path = Application.h; sourceTree = "<group>"; };
		D6FEE6CC244224550091BAAB /* Application.cpp */ = {isa = PBXFileReference; fileEncoding = 4; lastKnownFileType = sourcecode.cpp.cpp; path = Application.cpp; sourceTree = "<group>"; };
		D6FEE6CE244224550091BAAB /* house.obj */ = {isa = PBXFileReference; fileEncoding = 4; lastKnownFileType = text; path = house.obj; sourceTree = "<group>"; };
		D6FEE6CF244224550091BAAB /* low_poly_buildings.obj */ = {isa = PBXFileReference; fileEncoding = 4; lastKnownFileType = text; path = low_poly_buildings.obj; sourceTree = "<group>"; };
		D6FEE6D0244224550091BAAB /* bunny.obj */ = {isa = PBXFileReference; fileEncoding = 4; lastKnownFileType = text; path = bunny.obj; sourceTree = "<group>"; };
		D6FEE6D1244224550091BAAB /* paper_texture.jpg */ = {isa = PBXFileReference; lastKnownFileType = image.jpeg; path = paper_texture.jpg; sourceTree = "<group>"; };
		D6FEE6D2244224550091BAAB /* wood.png */ = {isa = PBXFileReference; lastKnownFileType = image.png; path = wood.png; sourceTree = "<group>"; };
		D6FEE6D3244224550091BAAB /* plant.obj */ = {isa = PBXFileReference; fileEncoding = 4; lastKnownFileType = text; path = plant.obj; sourceTree = "<group>"; };
		D6FEE6D4244224550091BAAB /* dice_texture.png */ = {isa = PBXFileReference; lastKnownFileType = image.png; path = dice_texture.png; sourceTree = "<group>"; };
		D6FEE6D5244224550091BAAB /* sky.png */ = {isa = PBXFileReference; lastKnownFileType = image.png; path = sky.png; sourceTree = "<group>"; };
		D6FEE6D6244224550091BAAB /* monkey.obj */ = {isa = PBXFileReference; fileEncoding = 4; lastKnownFileType = text; path = monkey.obj; sourceTree = "<group>"; };
		D6FEE6D7244224550091BAAB /* handgun.obj */ = {isa = PBXFileReference; fileEncoding = 4; lastKnownFileType = text; path = handgun.obj; sourceTree = "<group>"; };
		D6FEE6D8244224550091BAAB /* broken_cube_texture.png */ = {isa = PBXFileReference; lastKnownFileType = image.png; path = broken_cube_texture.png; sourceTree = "<group>"; };
		D6FEE6D9244224550091BAAB /* robot.obj */ = {isa = PBXFileReference; fileEncoding = 4; lastKnownFileType = text; path = robot.obj; sourceTree = "<group>"; };
		D6FEE6DA244224550091BAAB /* car.obj */ = {isa = PBXFileReference; fileEncoding = 4; lastKnownFileType = text; path = car.obj; sourceTree = "<group>"; };
		D6FEE6DB244224550091BAAB /* watch_tower.obj */ = {isa = PBXFileReference; fileEncoding = 4; lastKnownFileType = text; path = watch_tower.obj; sourceTree = "<group>"; };
		D6FEE6DC244224550091BAAB /* cat.obj */ = {isa = PBXFileReference; fileEncoding = 4; lastKnownFileType = text; path = cat.obj; sourceTree = "<group>"; };
/* End PBXFileReference section */

/* Begin PBXFrameworksBuildPhase section */
		D64E170E241A837A000C5ECF /* Frameworks */ = {
			isa = PBXFrameworksBuildPhase;
			buildActionMask = 2147483647;
			files = (
				D68678C0241E5D180088C933 /* QuartzCore.framework in Frameworks */,
				D6F279A0241BD34C008F4200 /* CoreGraphics.framework in Frameworks */,
				D6BFF6BC241AE52B00A2A40A /* OpenGLES.framework in Frameworks */,
				D6BFF6C3241AE59B00A2A40A /* UIKit.framework in Frameworks */,
				D6BFF6C2241AE58400A2A40A /* GLKit.framework in Frameworks */,
			);
			runOnlyForDeploymentPostprocessing = 0;
		};
/* End PBXFrameworksBuildPhase section */

/* Begin PBXGroup section */
		D64E1708241A837A000C5ECF = {
			isa = PBXGroup;
			children = (
				D6FEE6CD244224550091BAAB /* assets */,
				D6FEE66A244224550091BAAB /* src */,
				D6F279A4241BF88F008F4200 /* assets.xcassets */,
				D64E1713241A837A000C5ECF /* ThreeDimentionalCube */,
				D64E1712241A837A000C5ECF /* Products */,
				D6BFF6B9241AE52600A2A40A /* Frameworks */,
			);
			sourceTree = "<group>";
		};
		D64E1712241A837A000C5ECF /* Products */ = {
			isa = PBXGroup;
			children = (
				D64E1711241A837A000C5ECF /* ThreeDimentionalCube.app */,
			);
			name = Products;
			sourceTree = "<group>";
		};
		D64E1713241A837A000C5ECF /* ThreeDimentionalCube */ = {
			isa = PBXGroup;
			children = (
				D6F279A2241BE29B008F4200 /* IPhoneHelperAbstraction.cpp */,
				D6F279A1241BE29A008F4200 /* IPhoneHelperAbstraction.h */,
				D64E1714241A837A000C5ECF /* AppDelegate.h */,
				D64E1715241A837A000C5ECF /* AppDelegate.mm */,
				D64E1717241A837A000C5ECF /* SceneDelegate.h */,
				D64E1718241A837A000C5ECF /* SceneDelegate.mm */,
				D64E171A241A837A000C5ECF /* ViewController.h */,
				D64E171B241A837A000C5ECF /* ViewController.mm */,
				D64E171D241A837A000C5ECF /* Main.storyboard */,
				D64E1720241A837C000C5ECF /* Assets.xcassets */,
				D64E1722241A837C000C5ECF /* LaunchScreen.storyboard */,
				D64E1725241A837C000C5ECF /* Info.plist */,
				D64E1726241A837C000C5ECF /* main.mm */,
				D6F2799B241BA645008F4200 /* IPhoneHelper.h */,
				D6F2799C241BA69C008F4200 /* IPhoneHelper.mm */,
				D6F2799E241BA7A6008F4200 /* IPhoneHelper-C-Interface.h */,
			);
			path = ThreeDimentionalCube;
			sourceTree = "<group>";
		};
		D6BFF6B9241AE52600A2A40A /* Frameworks */ = {
			isa = PBXGroup;
			children = (
				D68678BF241E5D180088C933 /* QuartzCore.framework */,
				D6F2799F241BD34B008F4200 /* CoreGraphics.framework */,
				D6BFF6C1241AE58400A2A40A /* GLKit.framework */,
				D6BFF6BF241AE55400A2A40A /* UIKit.framework */,
				D6BFF6BA241AE52600A2A40A /* OpenGLES.framework */,
			);
			name = Frameworks;
			sourceTree = "<group>";
		};
		D6FEE66A244224550091BAAB /* src */ = {
			isa = PBXGroup;
			children = (
				D6FEE66B244224550091BAAB /* 3d_models */,
				D6FEE66F244224550091BAAB /* data_types */,
				D6FEE673244224550091BAAB /* scenes */,
				D6FEE68C244224550091BAAB /* event_handler */,
				D6FEE68F244224550091BAAB /* camera */,
				D6FEE692244224550091BAAB /* file_system */,
				D6FEE694244224550091BAAB /* surface */,
				D6FEE697244224550091BAAB /* utils */,
				D6FEE6A3244224550091BAAB /* 3d_shape */,
				D6FEE6A6244224550091BAAB /* libs */,
				D6FEE6AD244224550091BAAB /* Constants.h */,
				D6FEE6AE244224550091BAAB /* open_gl */,
				D6FEE6B1244224550091BAAB /* shaders */,
				D6FEE6BE244224550091BAAB /* texture */,
				D6FEE6C7244224550091BAAB /* data_access_point */,
				D6FEE6CA244224550091BAAB /* application */,
			);
			name = src;
			path = ../../src;
			sourceTree = "<group>";
		};
		D6FEE66B244224550091BAAB /* 3d_models */ = {
			isa = PBXGroup;
			children = (
				D6FEE66C244224550091BAAB /* DiceCube.h */,
				D6FEE66D244224550091BAAB /* ShapeGenerator.h */,
				D6FEE66E244224550091BAAB /* ColoredCube.h */,
			);
			path = 3d_models;
			sourceTree = "<group>";
		};
		D6FEE66F244224550091BAAB /* data_types */ = {
			isa = PBXGroup;
			children = (
				D6FEE670244224550091BAAB /* VectorTemplate.h */,
				D6FEE671244224550091BAAB /* FaObject.h */,
				D6FEE672244224550091BAAB /* MatrixTemplate.h */,
			);
			path = data_types;
			sourceTree = "<group>";
		};
		D6FEE673244224550091BAAB /* scenes */ = {
			isa = PBXGroup;
			children = (
				D6FEE674244224550091BAAB /* spehre_scene */,
				D6FEE677244224550091BAAB /* robot_scene */,
				D6FEE67A244224550091BAAB /* base_scene */,
				D6FEE67D244224550091BAAB /* plant_scene */,
				D6FEE680244224550091BAAB /* textured_cube_scene */,
				D6FEE683244224550091BAAB /* colored_cube_scene */,
				D6FEE686244224550091BAAB /* bunny_scene */,
				D6FEE689244224550091BAAB /* monkey_scene */,
			);
			path = scenes;
			sourceTree = "<group>";
		};
		D6FEE674244224550091BAAB /* spehre_scene */ = {
			isa = PBXGroup;
			children = (
				D6FEE675244224550091BAAB /* SphereScene.cpp */,
				D6FEE676244224550091BAAB /* SphereScene.h */,
			);
			path = spehre_scene;
			sourceTree = "<group>";
		};
		D6FEE677244224550091BAAB /* robot_scene */ = {
			isa = PBXGroup;
			children = (
				D6FEE678244224550091BAAB /* RobotScene.cpp */,
				D6FEE679244224550091BAAB /* RobotScene.h */,
			);
			path = robot_scene;
			sourceTree = "<group>";
		};
		D6FEE67A244224550091BAAB /* base_scene */ = {
			isa = PBXGroup;
			children = (
				D6FEE67B244224550091BAAB /* BaseScene.h */,
				D6FEE67C244224550091BAAB /* BaseScene.cpp */,
			);
			path = base_scene;
			sourceTree = "<group>";
		};
		D6FEE67D244224550091BAAB /* plant_scene */ = {
			isa = PBXGroup;
			children = (
				D6FEE67E244224550091BAAB /* PlantScene.cpp */,
				D6FEE67F244224550091BAAB /* PlantScene.h */,
			);
			path = plant_scene;
			sourceTree = "<group>";
		};
		D6FEE680244224550091BAAB /* textured_cube_scene */ = {
			isa = PBXGroup;
			children = (
				D6FEE681244224550091BAAB /* TexturedCubeScene.cpp */,
				D6FEE682244224550091BAAB /* TexturedCubeScene.h */,
			);
			path = textured_cube_scene;
			sourceTree = "<group>";
		};
		D6FEE683244224550091BAAB /* colored_cube_scene */ = {
			isa = PBXGroup;
			children = (
				D6FEE684244224550091BAAB /* ColoredCubeScene.h */,
				D6FEE685244224550091BAAB /* ColoredCubeScene.cpp */,
			);
			path = colored_cube_scene;
			sourceTree = "<group>";
		};
		D6FEE686244224550091BAAB /* bunny_scene */ = {
			isa = PBXGroup;
			children = (
				D6FEE687244224550091BAAB /* BunnyScene.cpp */,
				D6FEE688244224550091BAAB /* BunnyScene.h */,
			);
			path = bunny_scene;
			sourceTree = "<group>";
		};
		D6FEE689244224550091BAAB /* monkey_scene */ = {
			isa = PBXGroup;
			children = (
				D6FEE68A244224550091BAAB /* MonkeyScene.h */,
				D6FEE68B244224550091BAAB /* MonkeyScene.cpp */,
			);
			path = monkey_scene;
			sourceTree = "<group>";
		};
		D6FEE68C244224550091BAAB /* event_handler */ = {
			isa = PBXGroup;
			children = (
				D6FEE68D244224550091BAAB /* EventHandler.h */,
				D6FEE68E244224550091BAAB /* EventHandler.cpp */,
			);
			path = event_handler;
			sourceTree = "<group>";
		};
		D6FEE68F244224550091BAAB /* camera */ = {
			isa = PBXGroup;
			children = (
				D6FEE690244224550091BAAB /* Camera.cpp */,
				D6FEE691244224550091BAAB /* Camera.h */,
			);
			path = camera;
			sourceTree = "<group>";
		};
		D6FEE692244224550091BAAB /* file_system */ = {
			isa = PBXGroup;
			children = (
				D6FEE693244224550091BAAB /* FileSystem.h */,
			);
			path = file_system;
			sourceTree = "<group>";
		};
		D6FEE694244224550091BAAB /* surface */ = {
			isa = PBXGroup;
			children = (
				D6FEE695244224550091BAAB /* Surface.h */,
				D6FEE696244224550091BAAB /* Surface.cpp */,
			);
			path = surface;
			sourceTree = "<group>";
		};
		D6FEE697244224550091BAAB /* utils */ = {
			isa = PBXGroup;
			children = (
				D6FEE698244224550091BAAB /* thread_pool */,
				D6FEE69B244224550091BAAB /* operators */,
				D6FEE69D244224550091BAAB /* path */,
				D6FEE69F244224550091BAAB /* math */,
				D6FEE6A1244224550091BAAB /* log */,
			);
			path = utils;
			sourceTree = "<group>";
		};
		D6FEE698244224550091BAAB /* thread_pool */ = {
			isa = PBXGroup;
			children = (
				D6FEE699244224550091BAAB /* ThreadPool.h */,
				D6FEE69A244224550091BAAB /* ThreadPool.cpp */,
			);
			path = thread_pool;
			sourceTree = "<group>";
		};
		D6FEE69B244224550091BAAB /* operators */ = {
			isa = PBXGroup;
			children = (
				D6FEE69C244224550091BAAB /* Operators.h */,
			);
			path = operators;
			sourceTree = "<group>";
		};
		D6FEE69D244224550091BAAB /* path */ = {
			isa = PBXGroup;
			children = (
				D6FEE69E244224550091BAAB /* Path.h */,
			);
			path = path;
			sourceTree = "<group>";
		};
		D6FEE69F244224550091BAAB /* math */ = {
			isa = PBXGroup;
			children = (
				D6FEE6A0244224550091BAAB /* Math.h */,
			);
			path = math;
			sourceTree = "<group>";
		};
		D6FEE6A1244224550091BAAB /* log */ = {
			isa = PBXGroup;
			children = (
				D6FEE6A2244224550091BAAB /* Logger.h */,
			);
			path = log;
			sourceTree = "<group>";
		};
		D6FEE6A3244224550091BAAB /* 3d_shape */ = {
			isa = PBXGroup;
			children = (
				D6FEE6A4244224550091BAAB /* Shape3d.cpp */,
				D6FEE6A5244224550091BAAB /* Shape3d.h */,
			);
			path = 3d_shape;
			sourceTree = "<group>";
		};
		D6FEE6A6244224550091BAAB /* libs */ = {
			isa = PBXGroup;
			children = (
				D6FEE6A7244224550091BAAB /* tiny_obj_loader */,
				D6FEE6A9244224550091BAAB /* mini_ball */,
				D6FEE6AB244224550091BAAB /* stb_image */,
			);
			path = libs;
			sourceTree = "<group>";
		};
		D6FEE6A7244224550091BAAB /* tiny_obj_loader */ = {
			isa = PBXGroup;
			children = (
				D6FEE6A8244224550091BAAB /* tiny_obj_loader.h */,
			);
			path = tiny_obj_loader;
			sourceTree = "<group>";
		};
		D6FEE6A9244224550091BAAB /* mini_ball */ = {
			isa = PBXGroup;
			children = (
				D6FEE6AA244224550091BAAB /* Miniball.h */,
			);
			path = mini_ball;
			sourceTree = "<group>";
		};
		D6FEE6AB244224550091BAAB /* stb_image */ = {
			isa = PBXGroup;
			children = (
				D6FEE6AC244224550091BAAB /* open_gl_stb_image.h */,
			);
			path = stb_image;
			sourceTree = "<group>";
		};
		D6FEE6AE244224550091BAAB /* open_gl */ = {
			isa = PBXGroup;
			children = (
				D6FEE6AF244224550091BAAB /* OpenGl.h */,
				D6FEE6B0244224550091BAAB /* OpenGl.cpp */,
			);
			path = open_gl;
			sourceTree = "<group>";
		};
		D6FEE6B1244224550091BAAB /* shaders */ = {
			isa = PBXGroup;
			children = (
				D6FEE6B2244224550091BAAB /* ambient_light */,
				D6FEE6B5244224550091BAAB /* point_light */,
				D6FEE6B8244224550091BAAB /* directional_light */,
				D6FEE6BB244224550091BAAB /* light */,
			);
			path = shaders;
			sourceTree = "<group>";
		};
		D6FEE6B2244224550091BAAB /* ambient_light */ = {
			isa = PBXGroup;
			children = (
				D6FEE6B3244224550091BAAB /* AmbientLight.cpp */,
				D6FEE6B4244224550091BAAB /* AmbientLight.h */,
			);
			path = ambient_light;
			sourceTree = "<group>";
		};
		D6FEE6B5244224550091BAAB /* point_light */ = {
			isa = PBXGroup;
			children = (
				D6FEE6B6244224550091BAAB /* PointLight.h */,
				D6FEE6B7244224550091BAAB /* PointLight.cpp */,
			);
			path = point_light;
			sourceTree = "<group>";
		};
		D6FEE6B8244224550091BAAB /* directional_light */ = {
			isa = PBXGroup;
			children = (
				D6FEE6B9244224550091BAAB /* DirectionalLight.cpp */,
				D6FEE6BA244224550091BAAB /* DirectionalLight.h */,
			);
			path = directional_light;
			sourceTree = "<group>";
		};
		D6FEE6BB244224550091BAAB /* light */ = {
			isa = PBXGroup;
			children = (
				D6FEE6BC244224550091BAAB /* Light.h */,
				D6FEE6BD244224550091BAAB /* Light.cpp */,
			);
			path = light;
			sourceTree = "<group>";
		};
		D6FEE6BE244224550091BAAB /* texture */ = {
			isa = PBXGroup;
			children = (
				D6FEE6BF244224550091BAAB /* ColorTexture */,
				D6FEE6C2244224550091BAAB /* ImageTexture */,
				D6FEE6C5244224550091BAAB /* Texture.cpp */,
				D6FEE6C6244224550091BAAB /* Texture.h */,
			);
			path = texture;
			sourceTree = "<group>";
		};
		D6FEE6BF244224550091BAAB /* ColorTexture */ = {
			isa = PBXGroup;
			children = (
				D6FEE6C0244224550091BAAB /* ColorTexture.cpp */,
				D6FEE6C1244224550091BAAB /* ColorTexture.h */,
			);
			path = ColorTexture;
			sourceTree = "<group>";
		};
		D6FEE6C2244224550091BAAB /* ImageTexture */ = {
			isa = PBXGroup;
			children = (
				D6FEE6C3244224550091BAAB /* ImageTexture.h */,
				D6FEE6C4244224550091BAAB /* ImageTexture.cpp */,
			);
			path = ImageTexture;
			sourceTree = "<group>";
		};
		D6FEE6C7244224550091BAAB /* data_access_point */ = {
			isa = PBXGroup;
			children = (
				D6FEE6C8244224550091BAAB /* DataAccessPoint.h */,
				D6FEE6C9244224550091BAAB /* DataAccessPoint.cpp */,
			);
			path = data_access_point;
			sourceTree = "<group>";
		};
		D6FEE6CA244224550091BAAB /* application */ = {
			isa = PBXGroup;
			children = (
				D6FEE6CB244224550091BAAB /* Application.h */,
				D6FEE6CC244224550091BAAB /* Application.cpp */,
			);
			path = application;
			sourceTree = "<group>";
		};
		D6FEE6CD244224550091BAAB /* assets */ = {
			isa = PBXGroup;
			children = (
				D6FEE6CE244224550091BAAB /* house.obj */,
				D6FEE6CF244224550091BAAB /* low_poly_buildings.obj */,
				D6FEE6D0244224550091BAAB /* bunny.obj */,
				D6FEE6D1244224550091BAAB /* paper_texture.jpg */,
				D6FEE6D2244224550091BAAB /* wood.png */,
				D6FEE6D3244224550091BAAB /* plant.obj */,
				D6FEE6D4244224550091BAAB /* dice_texture.png */,
				D6FEE6D5244224550091BAAB /* sky.png */,
				D6FEE6D6244224550091BAAB /* monkey.obj */,
				D6FEE6D7244224550091BAAB /* handgun.obj */,
				D6FEE6D8244224550091BAAB /* broken_cube_texture.png */,
				D6FEE6D9244224550091BAAB /* robot.obj */,
				D6FEE6DA244224550091BAAB /* car.obj */,
				D6FEE6DB244224550091BAAB /* watch_tower.obj */,
				D6FEE6DC244224550091BAAB /* cat.obj */,
			);
			name = assets;
			path = ../../assets;
			sourceTree = "<group>";
		};
/* End PBXGroup section */

/* Begin PBXNativeTarget section */
		D64E1710241A837A000C5ECF /* ThreeDimentionalCube */ = {
			isa = PBXNativeTarget;
			buildConfigurationList = D64E172A241A837C000C5ECF /* Build configuration list for PBXNativeTarget "ThreeDimentionalCube" */;
			buildPhases = (
				D64E170D241A837A000C5ECF /* Sources */,
				D64E170E241A837A000C5ECF /* Frameworks */,
				D64E170F241A837A000C5ECF /* Resources */,
			);
			buildRules = (
			);
			dependencies = (
			);
			name = ThreeDimentionalCube;
			productName = ThreeDimentionalCube;
			productReference = D64E1711241A837A000C5ECF /* ThreeDimentionalCube.app */;
			productType = "com.apple.product-type.application";
		};
/* End PBXNativeTarget section */

/* Begin PBXProject section */
		D64E1709241A837A000C5ECF /* Project object */ = {
			isa = PBXProject;
			attributes = {
				LastUpgradeCheck = 1110;
				ORGANIZATIONNAME = mohammad.fakhreddin;
				TargetAttributes = {
					D64E1710241A837A000C5ECF = {
						CreatedOnToolsVersion = 11.1;
					};
				};
			};
			buildConfigurationList = D64E170C241A837A000C5ECF /* Build configuration list for PBXProject "ThreeDimentionalCube" */;
			compatibilityVersion = "Xcode 9.3";
			developmentRegion = en;
			hasScannedForEncodings = 0;
			knownRegions = (
				en,
				Base,
			);
			mainGroup = D64E1708241A837A000C5ECF;
			productRefGroup = D64E1712241A837A000C5ECF /* Products */;
			projectDirPath = "";
			projectRoot = "";
			targets = (
				D64E1710241A837A000C5ECF /* ThreeDimentionalCube */,
			);
		};
/* End PBXProject section */

/* Begin PBXResourcesBuildPhase section */
		D64E170F241A837A000C5ECF /* Resources */ = {
			isa = PBXResourcesBuildPhase;
			buildActionMask = 2147483647;
			files = (
				D6FEE6FC244224550091BAAB /* monkey.obj in Resources */,
				D6FEE6F7244224550091BAAB /* paper_texture.jpg in Resources */,
				D6FEE6F5244224550091BAAB /* low_poly_buildings.obj in Resources */,
				D6FEE701244224550091BAAB /* watch_tower.obj in Resources */,
				D6FEE6F8244224550091BAAB /* wood.png in Resources */,
				D6FEE702244224550091BAAB /* cat.obj in Resources */,
				D64E1724241A837C000C5ECF /* LaunchScreen.storyboard in Resources */,
				D6FEE700244224550091BAAB /* car.obj in Resources */,
				D64E1721241A837C000C5ECF /* Assets.xcassets in Resources */,
				D6FEE6F4244224550091BAAB /* house.obj in Resources */,
				D64E171F241A837A000C5ECF /* Main.storyboard in Resources */,
				D6FEE6FF244224550091BAAB /* robot.obj in Resources */,
				D6FEE6F9244224550091BAAB /* plant.obj in Resources */,
				D6FEE6FD244224550091BAAB /* handgun.obj in Resources */,
				D6FEE6FE244224550091BAAB /* broken_cube_texture.png in Resources */,
				D6FEE6FA244224550091BAAB /* dice_texture.png in Resources */,
				D6FEE6FB244224550091BAAB /* sky.png in Resources */,
				D6FEE6F6244224550091BAAB /* bunny.obj in Resources */,
				D6F279A5241BF88F008F4200 /* assets.xcassets in Resources */,
			);
			runOnlyForDeploymentPostprocessing = 0;
		};
/* End PBXResourcesBuildPhase section */

/* Begin PBXSourcesBuildPhase section */
		D64E170D241A837A000C5ECF /* Sources */ = {
			isa = PBXSourcesBuildPhase;
			buildActionMask = 2147483647;
			files = (
				D64E171C241A837A000C5ECF /* ViewController.mm in Sources */,
				D6FEE6E8244224550091BAAB /* ThreadPool.cpp in Sources */,
				D6FEE6F2244224550091BAAB /* DataAccessPoint.cpp in Sources */,
				D6F279A3241BE29B008F4200 /* IPhoneHelperAbstraction.cpp in Sources */,
				D6FEE6ED244224550091BAAB /* DirectionalLight.cpp in Sources */,
				D6FEE6E1244224550091BAAB /* TexturedCubeScene.cpp in Sources */,
				D6FEE6EA244224550091BAAB /* OpenGl.cpp in Sources */,
				D6F2799D241BA69C008F4200 /* IPhoneHelper.mm in Sources */,
				D6FEE6EF244224550091BAAB /* ColorTexture.cpp in Sources */,
				D6FEE6E6244224550091BAAB /* Camera.cpp in Sources */,
				D6FEE6DE244224550091BAAB /* RobotScene.cpp in Sources */,
				D6FEE6E5244224550091BAAB /* EventHandler.cpp in Sources */,
				D6FEE6E4244224550091BAAB /* MonkeyScene.cpp in Sources */,
				D6FEE6E0244224550091BAAB /* PlantScene.cpp in Sources */,
				D64E1716241A837A000C5ECF /* AppDelegate.mm in Sources */,
				D64E1727241A837C000C5ECF /* main.mm in Sources */,
				D6FEE6E9244224550091BAAB /* Shape3d.cpp in Sources */,
				D6FEE6E3244224550091BAAB /* BunnyScene.cpp in Sources */,
				D6FEE6F3244224550091BAAB /* Application.cpp in Sources */,
				D6FEE6E7244224550091BAAB /* Surface.cpp in Sources */,
				D6FEE6EB244224550091BAAB /* AmbientLight.cpp in Sources */,
				D6FEE6EE244224550091BAAB /* Light.cpp in Sources */,
				D6FEE6DF244224550091BAAB /* BaseScene.cpp in Sources */,
				D6FEE6F1244224550091BAAB /* Texture.cpp in Sources */,
				D64E1719241A837A000C5ECF /* SceneDelegate.mm in Sources */,
				D6FEE6EC244224550091BAAB /* PointLight.cpp in Sources */,
				D6FEE6F0244224550091BAAB /* ImageTexture.cpp in Sources */,
				D6FEE6E2244224550091BAAB /* ColoredCubeScene.cpp in Sources */,
				D6FEE6DD244224550091BAAB /* SphereScene.cpp in Sources */,
			);
			runOnlyForDeploymentPostprocessing = 0;
		};
/* End PBXSourcesBuildPhase section */

/* Begin PBXVariantGroup section */
		D64E171D241A837A000C5ECF /* Main.storyboard */ = {
			isa = PBXVariantGroup;
			children = (
				D64E171E241A837A000C5ECF /* Base */,
			);
			name = Main.storyboard;
			sourceTree = "<group>";
		};
		D64E1722241A837C000C5ECF /* LaunchScreen.storyboard */ = {
			isa = PBXVariantGroup;
			children = (
				D64E1723241A837C000C5ECF /* Base */,
			);
			name = LaunchScreen.storyboard;
			sourceTree = "<group>";
		};
/* End PBXVariantGroup section */

/* Begin XCBuildConfiguration section */
		D64E1728241A837C000C5ECF /* Debug */ = {
			isa = XCBuildConfiguration;
			buildSettings = {
				ALWAYS_SEARCH_USER_PATHS = NO;
				CLANG_ANALYZER_NONNULL = YES;
				CLANG_ANALYZER_NUMBER_OBJECT_CONVERSION = YES_AGGRESSIVE;
				CLANG_CXX_LANGUAGE_STANDARD = "gnu++14";
				CLANG_CXX_LIBRARY = "libc++";
				CLANG_ENABLE_MODULES = YES;
				CLANG_ENABLE_OBJC_ARC = YES;
				CLANG_ENABLE_OBJC_WEAK = YES;
				CLANG_WARN_BLOCK_CAPTURE_AUTORELEASING = YES;
				CLANG_WARN_BOOL_CONVERSION = YES;
				CLANG_WARN_COMMA = YES;
				CLANG_WARN_CONSTANT_CONVERSION = YES;
				CLANG_WARN_DEPRECATED_OBJC_IMPLEMENTATIONS = YES;
				CLANG_WARN_DIRECT_OBJC_ISA_USAGE = YES_ERROR;
				CLANG_WARN_DOCUMENTATION_COMMENTS = YES;
				CLANG_WARN_EMPTY_BODY = YES;
				CLANG_WARN_ENUM_CONVERSION = YES;
				CLANG_WARN_INFINITE_RECURSION = YES;
				CLANG_WARN_INT_CONVERSION = YES;
				CLANG_WARN_NON_LITERAL_NULL_CONVERSION = YES;
				CLANG_WARN_OBJC_IMPLICIT_RETAIN_SELF = YES;
				CLANG_WARN_OBJC_LITERAL_CONVERSION = YES;
				CLANG_WARN_OBJC_ROOT_CLASS = YES_ERROR;
				CLANG_WARN_RANGE_LOOP_ANALYSIS = YES;
				CLANG_WARN_STRICT_PROTOTYPES = YES;
				CLANG_WARN_SUSPICIOUS_MOVE = YES;
				CLANG_WARN_UNGUARDED_AVAILABILITY = YES_AGGRESSIVE;
				CLANG_WARN_UNREACHABLE_CODE = YES;
				CLANG_WARN__DUPLICATE_METHOD_MATCH = YES;
				COPY_PHASE_STRIP = NO;
				DEBUG_INFORMATION_FORMAT = dwarf;
				ENABLE_STRICT_OBJC_MSGSEND = YES;
				ENABLE_TESTABILITY = YES;
				GCC_C_LANGUAGE_STANDARD = gnu11;
				GCC_DYNAMIC_NO_PIC = NO;
				GCC_NO_COMMON_BLOCKS = YES;
				GCC_OPTIMIZATION_LEVEL = 0;
				GCC_PREPROCESSOR_DEFINITIONS = (
					__IOS__,
					GLES_SILENCE_DEPRECATION,
				);
				GCC_WARN_64_TO_32_BIT_CONVERSION = YES;
				GCC_WARN_ABOUT_RETURN_TYPE = YES_ERROR;
				GCC_WARN_UNDECLARED_SELECTOR = YES;
				GCC_WARN_UNINITIALIZED_AUTOS = YES_AGGRESSIVE;
				GCC_WARN_UNUSED_FUNCTION = YES;
				GCC_WARN_UNUSED_VARIABLE = YES;
				IPHONEOS_DEPLOYMENT_TARGET = 13.1;
				MTL_ENABLE_DEBUG_INFO = INCLUDE_SOURCE;
				MTL_FAST_MATH = YES;
				ONLY_ACTIVE_ARCH = YES;
				SDKROOT = iphoneos;
			};
			name = Debug;
		};
		D64E1729241A837C000C5ECF /* Release */ = {
			isa = XCBuildConfiguration;
			buildSettings = {
				ALWAYS_SEARCH_USER_PATHS = NO;
				CLANG_ANALYZER_NONNULL = YES;
				CLANG_ANALYZER_NUMBER_OBJECT_CONVERSION = YES_AGGRESSIVE;
				CLANG_CXX_LANGUAGE_STANDARD = "gnu++14";
				CLANG_CXX_LIBRARY = "libc++";
				CLANG_ENABLE_MODULES = YES;
				CLANG_ENABLE_OBJC_ARC = YES;
				CLANG_ENABLE_OBJC_WEAK = YES;
				CLANG_WARN_BLOCK_CAPTURE_AUTORELEASING = YES;
				CLANG_WARN_BOOL_CONVERSION = YES;
				CLANG_WARN_COMMA = YES;
				CLANG_WARN_CONSTANT_CONVERSION = YES;
				CLANG_WARN_DEPRECATED_OBJC_IMPLEMENTATIONS = YES;
				CLANG_WARN_DIRECT_OBJC_ISA_USAGE = YES_ERROR;
				CLANG_WARN_DOCUMENTATION_COMMENTS = YES;
				CLANG_WARN_EMPTY_BODY = YES;
				CLANG_WARN_ENUM_CONVERSION = YES;
				CLANG_WARN_INFINITE_RECURSION = YES;
				CLANG_WARN_INT_CONVERSION = YES;
				CLANG_WARN_NON_LITERAL_NULL_CONVERSION = YES;
				CLANG_WARN_OBJC_IMPLICIT_RETAIN_SELF = YES;
				CLANG_WARN_OBJC_LITERAL_CONVERSION = YES;
				CLANG_WARN_OBJC_ROOT_CLASS = YES_ERROR;
				CLANG_WARN_RANGE_LOOP_ANALYSIS = YES;
				CLANG_WARN_STRICT_PROTOTYPES = YES;
				CLANG_WARN_SUSPICIOUS_MOVE = YES;
				CLANG_WARN_UNGUARDED_AVAILABILITY = YES_AGGRESSIVE;
				CLANG_WARN_UNREACHABLE_CODE = YES;
				CLANG_WARN__DUPLICATE_METHOD_MATCH = YES;
				COPY_PHASE_STRIP = NO;
				DEBUG_INFORMATION_FORMAT = "dwarf-with-dsym";
				ENABLE_NS_ASSERTIONS = NO;
				ENABLE_STRICT_OBJC_MSGSEND = YES;
				GCC_C_LANGUAGE_STANDARD = gnu11;
				GCC_NO_COMMON_BLOCKS = YES;
				GCC_PREPROCESSOR_DEFINITIONS = (
					__IOS__,
					GLES_SILENCE_DEPRECATION,
				);
				GCC_WARN_64_TO_32_BIT_CONVERSION = YES;
				GCC_WARN_ABOUT_RETURN_TYPE = YES_ERROR;
				GCC_WARN_UNDECLARED_SELECTOR = YES;
				GCC_WARN_UNINITIALIZED_AUTOS = YES_AGGRESSIVE;
				GCC_WARN_UNUSED_FUNCTION = YES;
				GCC_WARN_UNUSED_VARIABLE = YES;
				IPHONEOS_DEPLOYMENT_TARGET = 13.1;
				MTL_ENABLE_DEBUG_INFO = NO;
				MTL_FAST_MATH = YES;
				SDKROOT = iphoneos;
				VALIDATE_PRODUCT = YES;
			};
			name = Release;
		};
		D64E172B241A837C000C5ECF /* Debug */ = {
			isa = XCBuildConfiguration;
			buildSettings = {
				ASSETCATALOG_COMPILER_APPICON_NAME = AppIcon;
				CODE_SIGN_STYLE = Automatic;
				DEVELOPMENT_TEAM = 9U43KQLKUS;
				INFOPLIST_FILE = ThreeDimentionalCube/Info.plist;
				LD_RUNPATH_SEARCH_PATHS = (
					"$(inherited)",
					"@executable_path/Frameworks",
				);
				OTHER_CFLAGS = (
					"-x",
					"objective-c",
				);
				"OTHER_CFLAGS[arch=*]" = "";
				OTHER_CPLUSPLUSFLAGS = (
					"$(OTHER_CFLAGS)",
					"-x",
					"objective-c++",
				);
				PRODUCT_BUNDLE_IDENTIFIER = mohammad.fakhreddin.ThreeDimentionalCube;
				PRODUCT_NAME = "$(TARGET_NAME)";
				TARGETED_DEVICE_FAMILY = "1,2";
			};
			name = Debug;
		};
		D64E172C241A837C000C5ECF /* Release */ = {
			isa = XCBuildConfiguration;
			buildSettings = {
				ASSETCATALOG_COMPILER_APPICON_NAME = AppIcon;
				CODE_SIGN_STYLE = Automatic;
				DEVELOPMENT_TEAM = 9U43KQLKUS;
				INFOPLIST_FILE = ThreeDimentionalCube/Info.plist;
				LD_RUNPATH_SEARCH_PATHS = (
					"$(inherited)",
					"@executable_path/Frameworks",
				);
				OTHER_CFLAGS = (
					"-x",
					"objective-c",
				);
				OTHER_CPLUSPLUSFLAGS = (
					"$(OTHER_CFLAGS)",
					"-x",
					"objective-c++",
				);
				PRODUCT_BUNDLE_IDENTIFIER = mohammad.fakhreddin.ThreeDimentionalCube;
				PRODUCT_NAME = "$(TARGET_NAME)";
				TARGETED_DEVICE_FAMILY = "1,2";
			};
			name = Release;
		};
/* End XCBuildConfiguration section */

/* Begin XCConfigurationList section */
		D64E170C241A837A000C5ECF /* Build configuration list for PBXProject "ThreeDimentionalCube" */ = {
			isa = XCConfigurationList;
			buildConfigurations = (
				D64E1728241A837C000C5ECF /* Debug */,
				D64E1729241A837C000C5ECF /* Release */,
			);
			defaultConfigurationIsVisible = 0;
			defaultConfigurationName = Release;
		};
		D64E172A241A837C000C5ECF /* Build configuration list for PBXNativeTarget "ThreeDimentionalCube" */ = {
			isa = XCConfigurationList;
			buildConfigurations = (
				D64E172B241A837C000C5ECF /* Debug */,
				D64E172C241A837C000C5ECF /* Release */,
			);
			defaultConfigurationIsVisible = 0;
			defaultConfigurationName = Release;
		};
/* End XCConfigurationList section */
	};
	rootObject = D64E1709241A837A000C5ECF /* Project object */;
}
